// !$*UTF8*$!
{
	archiveVersion = 1;
	classes = {
	};
	objectVersion = 46;
	objects = {

/* Begin PBXBuildFile section */
		788E677E1A55B2D300A6E6EB /* AppDelegate.swift in Sources */ = {isa = PBXBuildFile; fileRef = 788E677D1A55B2D300A6E6EB /* AppDelegate.swift */; };
		788E67811A55B2D300A6E6EB /* trial1.xcdatamodeld in Sources */ = {isa = PBXBuildFile; fileRef = 788E677F1A55B2D300A6E6EB /* trial1.xcdatamodeld */; };
		788E67831A55B2D300A6E6EB /* ViewController.swift in Sources */ = {isa = PBXBuildFile; fileRef = 788E67821A55B2D300A6E6EB /* ViewController.swift */; };
		788E67861A55B2D300A6E6EB /* Main.storyboard in Resources */ = {isa = PBXBuildFile; fileRef = 788E67841A55B2D300A6E6EB /* Main.storyboard */; };
		788E67881A55B2D300A6E6EB /* Images.xcassets in Resources */ = {isa = PBXBuildFile; fileRef = 788E67871A55B2D300A6E6EB /* Images.xcassets */; };
		788E678B1A55B2D300A6E6EB /* LaunchScreen.xib in Resources */ = {isa = PBXBuildFile; fileRef = 788E67891A55B2D300A6E6EB /* LaunchScreen.xib */; };
		788E67971A55B2D300A6E6EB /* trial1Tests.swift in Sources */ = {isa = PBXBuildFile; fileRef = 788E67961A55B2D300A6E6EB /* trial1Tests.swift */; };
/* End PBXBuildFile section */

/* Begin PBXContainerItemProxy section */
		788E67911A55B2D300A6E6EB /* PBXContainerItemProxy */ = {
			isa = PBXContainerItemProxy;
			containerPortal = 788E67701A55B2D300A6E6EB /* Project object */;
			proxyType = 1;
			remoteGlobalIDString = 788E67771A55B2D300A6E6EB;
			remoteInfo = trial1;
		};
/* End PBXContainerItemProxy section */

/* Begin PBXFileReference section */
		788E67781A55B2D300A6E6EB /* trial1.app */ = {isa = PBXFileReference; explicitFileType = wrapper.application; includeInIndex = 0; path = trial1.app; sourceTree = BUILT_PRODUCTS_DIR; };
		788E677C1A55B2D300A6E6EB /* Info.plist */ = {isa = PBXFileReference; lastKnownFileType = text.plist.xml; path = Info.plist; sourceTree = "<group>"; };
		788E677D1A55B2D300A6E6EB /* AppDelegate.swift */ = {isa = PBXFileReference; lastKnownFileType = sourcecode.swift; path = AppDelegate.swift; sourceTree = "<group>"; };
		788E67801A55B2D300A6E6EB /* trial1.xcdatamodel */ = {isa = PBXFileReference; lastKnownFileType = wrapper.xcdatamodel; path = trial1.xcdatamodel; sourceTree = "<group>"; };
		788E67821A55B2D300A6E6EB /* ViewController.swift */ = {isa = PBXFileReference; lastKnownFileType = sourcecode.swift; path = ViewController.swift; sourceTree = "<group>"; };
		788E67851A55B2D300A6E6EB /* Base */ = {isa = PBXFileReference; lastKnownFileType = file.storyboard; name = Base; path = Base.lproj/Main.storyboard; sourceTree = "<group>"; };
		788E67871A55B2D300A6E6EB /* Images.xcassets */ = {isa = PBXFileReference; lastKnownFileType = folder.assetcatalog; path = Images.xcassets; sourceTree = "<group>"; };
		788E678A1A55B2D300A6E6EB /* Base */ = {isa = PBXFileReference; lastKnownFileType = file.xib; name = Base; path = Base.lproj/LaunchScreen.xib; sourceTree = "<group>"; };
		788E67901A55B2D300A6E6EB /* trial1Tests.xctest */ = {isa = PBXFileReference; explicitFileType = wrapper.cfbundle; includeInIndex = 0; path = trial1Tests.xctest; sourceTree = BUILT_PRODUCTS_DIR; };
		788E67951A55B2D300A6E6EB /* Info.plist */ = {isa = PBXFileReference; lastKnownFileType = text.plist.xml; path = Info.plist; sourceTree = "<group>"; };
		788E67961A55B2D300A6E6EB /* trial1Tests.swift */ = {isa = PBXFileReference; lastKnownFileType = sourcecode.swift; path = trial1Tests.swift; sourceTree = "<group>"; };
/* End PBXFileReference section */

/* Begin PBXFrameworksBuildPhase section */
		788E67751A55B2D300A6E6EB /* Frameworks */ = {
			isa = PBXFrameworksBuildPhase;
			buildActionMask = 2147483647;
			files = (
			);
			runOnlyForDeploymentPostprocessing = 0;
		};
		788E678D1A55B2D300A6E6EB /* Frameworks */ = {
			isa = PBXFrameworksBuildPhase;
			buildActionMask = 2147483647;
			files = (
			);
			runOnlyForDeploymentPostprocessing = 0;
		};
/* End PBXFrameworksBuildPhase section */

/* Begin PBXGroup section */
		788E676F1A55B2D300A6E6EB = {
			isa = PBXGroup;
			children = (
				788E677A1A55B2D300A6E6EB /* trial1 */,
				788E67931A55B2D300A6E6EB /* trial1Tests */,
				788E67791A55B2D300A6E6EB /* Products */,
			);
			sourceTree = "<group>";
		};
		788E67791A55B2D300A6E6EB /* Products */ = {
			isa = PBXGroup;
			children = (
				788E67781A55B2D300A6E6EB /* trial1.app */,
				788E67901A55B2D300A6E6EB /* trial1Tests.xctest */,
			);
			name = Products;
			sourceTree = "<group>";
		};
		788E677A1A55B2D300A6E6EB /* trial1 */ = {
			isa = PBXGroup;
			children = (
				788E677D1A55B2D300A6E6EB /* AppDelegate.swift */,
				788E67821A55B2D300A6E6EB /* ViewController.swift */,
				788E67841A55B2D300A6E6EB /* Main.storyboard */,
				788E67871A55B2D300A6E6EB /* Images.xcassets */,
				788E67891A55B2D300A6E6EB /* LaunchScreen.xib */,
				788E677F1A55B2D300A6E6EB /* trial1.xcdatamodeld */,
				788E677B1A55B2D300A6E6EB /* Supporting Files */,
			);
			path = trial1;
			sourceTree = "<group>";
		};
		788E677B1A55B2D300A6E6EB /* Supporting Files */ = {
			isa = PBXGroup;
			children = (
				788E677C1A55B2D300A6E6EB /* Info.plist */,
			);
			name = "Supporting Files";
			sourceTree = "<group>";
		};
		788E67931A55B2D300A6E6EB /* trial1Tests */ = {
			isa = PBXGroup;
			children = (
				788E67961A55B2D300A6E6EB /* trial1Tests.swift */,
				788E67941A55B2D300A6E6EB /* Supporting Files */,
			);
			path = trial1Tests;
			sourceTree = "<group>";
		};
		788E67941A55B2D300A6E6EB /* Supporting Files */ = {
			isa = PBXGroup;
			children = (
				788E67951A55B2D300A6E6EB /* Info.plist */,
			);
			name = "Supporting Files";
			sourceTree = "<group>";
		};
/* End PBXGroup section */

/* Begin PBXNativeTarget section */
		788E67771A55B2D300A6E6EB /* trial1 */ = {
			isa = PBXNativeTarget;
			buildConfigurationList = 788E679A1A55B2D300A6E6EB /* Build configuration list for PBXNativeTarget "trial1" */;
			buildPhases = (
				788E67741A55B2D300A6E6EB /* Sources */,
				788E67751A55B2D300A6E6EB /* Frameworks */,
				788E67761A55B2D300A6E6EB /* Resources */,
			);
			buildRules = (
			);
			dependencies = (
			);
			name = trial1;
			productName = trial1;
			productReference = 788E67781A55B2D300A6E6EB /* trial1.app */;
			productType = "com.apple.product-type.application";
		};
		788E678F1A55B2D300A6E6EB /* trial1Tests */ = {
			isa = PBXNativeTarget;
			buildConfigurationList = 788E679D1A55B2D300A6E6EB /* Build configuration list for PBXNativeTarget "trial1Tests" */;
			buildPhases = (
				788E678C1A55B2D300A6E6EB /* Sources */,
				788E678D1A55B2D300A6E6EB /* Frameworks */,
				788E678E1A55B2D300A6E6EB /* Resources */,
			);
			buildRules = (
			);
			dependencies = (
				788E67921A55B2D300A6E6EB /* PBXTargetDependency */,
			);
			name = trial1Tests;
			productName = trial1Tests;
			productReference = 788E67901A55B2D300A6E6EB /* trial1Tests.xctest */;
			productType = "com.apple.product-type.bundle.unit-test";
		};
/* End PBXNativeTarget section */

/* Begin PBXProject section */
		788E67701A55B2D300A6E6EB /* Project object */ = {
			isa = PBXProject;
			attributes = {
				LastUpgradeCheck = 0610;
				ORGANIZATIONNAME = "Alexis Saint-Jean";
				TargetAttributes = {
					788E67771A55B2D300A6E6EB = {
						CreatedOnToolsVersion = 6.1.1;
					};
					788E678F1A55B2D300A6E6EB = {
						CreatedOnToolsVersion = 6.1.1;
						TestTargetID = 788E67771A55B2D300A6E6EB;
					};
				};
			};
			buildConfigurationList = 788E67731A55B2D300A6E6EB /* Build configuration list for PBXProject "trial1" */;
			compatibilityVersion = "Xcode 3.2";
			developmentRegion = English;
			hasScannedForEncodings = 0;
			knownRegions = (
				en,
				Base,
			);
			mainGroup = 788E676F1A55B2D300A6E6EB;
			productRefGroup = 788E67791A55B2D300A6E6EB /* Products */;
			projectDirPath = "";
			projectRoot = "";
			targets = (
				788E67771A55B2D300A6E6EB /* trial1 */,
				788E678F1A55B2D300A6E6EB /* trial1Tests */,
			);
		};
/* End PBXProject section */

/* Begin PBXResourcesBuildPhase section */
		788E67761A55B2D300A6E6EB /* Resources */ = {
			isa = PBXResourcesBuildPhase;
			buildActionMask = 2147483647;
			files = (
				788E67861A55B2D300A6E6EB /* Main.storyboard in Resources */,
				788E678B1A55B2D300A6E6EB /* LaunchScreen.xib in Resources */,
				788E67881A55B2D300A6E6EB /* Images.xcassets in Resources */,
			);
			runOnlyForDeploymentPostprocessing = 0;
		};
		788E678E1A55B2D300A6E6EB /* Resources */ = {
			isa = PBXResourcesBuildPhase;
			buildActionMask = 2147483647;
			files = (
			);
			runOnlyForDeploymentPostprocessing = 0;
		};
/* End PBXResourcesBuildPhase section */

/* Begin PBXSourcesBuildPhase section */
		788E67741A55B2D300A6E6EB /* Sources */ = {
			isa = PBXSourcesBuildPhase;
			buildActionMask = 2147483647;
			files = (
				788E67831A55B2D300A6E6EB /* ViewController.swift in Sources */,
				788E67811A55B2D300A6E6EB /* trial1.xcdatamodeld in Sources */,
				788E677E1A55B2D300A6E6EB /* AppDelegate.swift in Sources */,
			);
			runOnlyForDeploymentPostprocessing = 0;
		};
		788E678C1A55B2D300A6E6EB /* Sources */ = {
			isa = PBXSourcesBuildPhase;
			buildActionMask = 2147483647;
			files = (
				788E67971A55B2D300A6E6EB /* trial1Tests.swift in Sources */,
			);
			runOnlyForDeploymentPostprocessing = 0;
		};
/* End PBXSourcesBuildPhase section */

/* Begin PBXTargetDependency section */
		788E67921A55B2D300A6E6EB /* PBXTargetDependency */ = {
			isa = PBXTargetDependency;
			target = 788E67771A55B2D300A6E6EB /* trial1 */;
			targetProxy = 788E67911A55B2D300A6E6EB /* PBXContainerItemProxy */;
		};
/* End PBXTargetDependency section */

/* Begin PBXVariantGroup section */
		788E67841A55B2D300A6E6EB /* Main.storyboard */ = {
			isa = PBXVariantGroup;
			children = (
				788E67851A55B2D300A6E6EB /* Base */,
			);
			name = Main.storyboard;
			sourceTree = "<group>";
		};
		788E67891A55B2D300A6E6EB /* LaunchScreen.xib */ = {
			isa = PBXVariantGroup;
			children = (
				788E678A1A55B2D300A6E6EB /* Base */,
			);
			name = LaunchScreen.xib;
			sourceTree = "<group>";
		};
/* End PBXVariantGroup section */

/* Begin XCBuildConfiguration section */
		788E67981A55B2D300A6E6EB /* Debug */ = {
			isa = XCBuildConfiguration;
			buildSettings = {
				ALWAYS_SEARCH_USER_PATHS = NO;
				CLANG_CXX_LANGUAGE_STANDARD = "gnu++0x";
				CLANG_CXX_LIBRARY = "libc++";
				CLANG_ENABLE_MODULES = YES;
				CLANG_ENABLE_OBJC_ARC = YES;
				CLANG_WARN_BOOL_CONVERSION = YES;
				CLANG_WARN_CONSTANT_CONVERSION = YES;
				CLANG_WARN_DIRECT_OBJC_ISA_USAGE = YES_ERROR;
				CLANG_WARN_EMPTY_BODY = YES;
				CLANG_WARN_ENUM_CONVERSION = YES;
				CLANG_WARN_INT_CONVERSION = YES;
				CLANG_WARN_OBJC_ROOT_CLASS = YES_ERROR;
				CLANG_WARN_UNREACHABLE_CODE = YES;
				CLANG_WARN__DUPLICATE_METHOD_MATCH = YES;
				"CODE_SIGN_IDENTITY[sdk=iphoneos*]" = "iPhone Developer";
				COPY_PHASE_STRIP = NO;
				ENABLE_STRICT_OBJC_MSGSEND = YES;
				GCC_C_LANGUAGE_STANDARD = gnu99;
				GCC_DYNAMIC_NO_PIC = NO;
				GCC_OPTIMIZATION_LEVEL = 0;
				GCC_PREPROCESSOR_DEFINITIONS = (
					"DEBUG=1",
					"$(inherited)",
				);
				GCC_SYMBOLS_PRIVATE_EXTERN = NO;
				GCC_WARN_64_TO_32_BIT_CONVERSION = YES;
				GCC_WARN_ABOUT_RETURN_TYPE = YES_ERROR;
				GCC_WARN_UNDECLARED_SELECTOR = YES;
				GCC_WARN_UNINITIALIZED_AUTOS = YES_AGGRESSIVE;
				GCC_WARN_UNUSED_FUNCTION = YES;
				GCC_WARN_UNUSED_VARIABLE = YES;
				IPHONEOS_DEPLOYMENT_TARGET = 8.1;
				MTL_ENABLE_DEBUG_INFO = YES;
				ONLY_ACTIVE_ARCH = YES;
				SDKROOT = iphoneos;
				SWIFT_OPTIMIZATION_LEVEL = "-Onone";
			};
			name = Debug;
		};
		788E67991A55B2D300A6E6EB /* Release */ = {
			isa = XCBuildConfiguration;
			buildSettings = {
				ALWAYS_SEARCH_USER_PATHS = NO;
				CLANG_CXX_LANGUAGE_STANDARD = "gnu++0x";
				CLANG_CXX_LIBRARY = "libc++";
				CLANG_ENABLE_MODULES = YES;
				CLANG_ENABLE_OBJC_ARC = YES;
				CLANG_WARN_BOOL_CONVERSION = YES;
				CLANG_WARN_CONSTANT_CONVERSION = YES;
				CLANG_WARN_DIRECT_OBJC_ISA_USAGE = YES_ERROR;
				CLANG_WARN_EMPTY_BODY = YES;
				CLANG_WARN_ENUM_CONVERSION = YES;
				CLANG_WARN_INT_CONVERSION = YES;
				CLANG_WARN_OBJC_ROOT_CLASS = YES_ERROR;
				CLANG_WARN_UNREACHABLE_CODE = YES;
				CLANG_WARN__DUPLICATE_METHOD_MATCH = YES;
				"CODE_SIGN_IDENTITY[sdk=iphoneos*]" = "iPhone Developer";
				COPY_PHASE_STRIP = YES;
				ENABLE_NS_ASSERTIONS = NO;
				ENABLE_STRICT_OBJC_MSGSEND = YES;
				GCC_C_LANGUAGE_STANDARD = gnu99;
				GCC_WARN_64_TO_32_BIT_CONVERSION = YES;
				GCC_WARN_ABOUT_RETURN_TYPE = YES_ERROR;
				GCC_WARN_UNDECLARED_SELECTOR = YES;
				GCC_WARN_UNINITIALIZED_AUTOS = YES_AGGRESSIVE;
				GCC_WARN_UNUSED_FUNCTION = YES;
				GCC_WARN_UNUSED_VARIABLE = YES;
				IPHONEOS_DEPLOYMENT_TARGET = 8.1;
				MTL_ENABLE_DEBUG_INFO = NO;
				SDKROOT = iphoneos;
				VALIDATE_PRODUCT = YES;
			};
			name = Release;
		};
		788E679B1A55B2D300A6E6EB /* Debug */ = {
			isa = XCBuildConfiguration;
			buildSettings = {
				ASSETCATALOG_COMPILER_APPICON_NAME = AppIcon;
				INFOPLIST_FILE = trial1/Info.plist;
				LD_RUNPATH_SEARCH_PATHS = "$(inherited) @executable_path/Frameworks";
				PRODUCT_NAME = "$(TARGET_NAME)";
			};
			name = Debug;
		};
		788E679C1A55B2D300A6E6EB /* Release */ = {
			isa = XCBuildConfiguration;
			buildSettings = {
				ASSETCATALOG_COMPILER_APPICON_NAME = AppIcon;
				INFOPLIST_FILE = trial1/Info.plist;
				LD_RUNPATH_SEARCH_PATHS = "$(inherited) @executable_path/Frameworks";
				PRODUCT_NAME = "$(TARGET_NAME)";
			};
			name = Release;
		};
		788E679E1A55B2D300A6E6EB /* Debug */ = {
			isa = XCBuildConfiguration;
			buildSettings = {
				BUNDLE_LOADER = "$(TEST_HOST)";
				FRAMEWORK_SEARCH_PATHS = (
					"$(SDKROOT)/Developer/Library/Frameworks",
					"$(inherited)",
				);
				GCC_PREPROCESSOR_DEFINITIONS = (
					"DEBUG=1",
					"$(inherited)",
				);
				INFOPLIST_FILE = trial1Tests/Info.plist;
				LD_RUNPATH_SEARCH_PATHS = "$(inherited) @executable_path/Frameworks @loader_path/Frameworks";
				PRODUCT_NAME = "$(TARGET_NAME)";
				TEST_HOST = "$(BUILT_PRODUCTS_DIR)/trial1.app/trial1";
			};
			name = Debug;
		};
		788E679F1A55B2D300A6E6EB /* Release */ = {
			isa = XCBuildConfiguration;
			buildSettings = {
				BUNDLE_LOADER = "$(TEST_HOST)";
				FRAMEWORK_SEARCH_PATHS = (
					"$(SDKROOT)/Developer/Library/Frameworks",
					"$(inherited)",
				);
				INFOPLIST_FILE = trial1Tests/Info.plist;
				LD_RUNPATH_SEARCH_PATHS = "$(inherited) @executable_path/Frameworks @loader_path/Frameworks";
				PRODUCT_NAME = "$(TARGET_NAME)";
				TEST_HOST = "$(BUILT_PRODUCTS_DIR)/trial1.app/trial1";
			};
			name = Release;
		};
/* End XCBuildConfiguration section */

/* Begin XCConfigurationList section */
		788E67731A55B2D300A6E6EB /* Build configuration list for PBXProject "trial1" */ = {
			isa = XCConfigurationList;
			buildConfigurations = (
				788E67981A55B2D300A6E6EB /* Debug */,
				788E67991A55B2D300A6E6EB /* Release */,
			);
			defaultConfigurationIsVisible = 0;
			defaultConfigurationName = Release;
		};
		788E679A1A55B2D300A6E6EB /* Build configuration list for PBXNativeTarget "trial1" */ = {
			isa = XCConfigurationList;
			buildConfigurations = (
				788E679B1A55B2D300A6E6EB /* Debug */,
				788E679C1A55B2D300A6E6EB /* Release */,
			);
			defaultConfigurationIsVisible = 0;
		};
		788E679D1A55B2D300A6E6EB /* Build configuration list for PBXNativeTarget "trial1Tests" */ = {
			isa = XCConfigurationList;
			buildConfigurations = (
				788E679E1A55B2D300A6E6EB /* Debug */,
				788E679F1A55B2D300A6E6EB /* Release */,
			);
			defaultConfigurationIsVisible = 0;
		};
/* End XCConfigurationList section */

/* Begin XCVersionGroup section */
		788E677F1A55B2D300A6E6EB /* trial1.xcdatamodeld */ = {
			isa = XCVersionGroup;
			children = (
				788E67801A55B2D300A6E6EB /* trial1.xcdatamodel */,
			);
			currentVersion = 788E67801A55B2D300A6E6EB /* trial1.xcdatamodel */;
			path = trial1.xcdatamodeld;
			sourceTree = "<group>";
			versionGroupType = wrapper.xcdatamodel;
		};
/* End XCVersionGroup section */
	};
	rootObject = 788E67701A55B2D300A6E6EB /* Project object */;
}
