// !$*UTF8*$!
{
	archiveVersion = 1;
	classes = {
	};
	objectVersion = 46;
	objects = {

/* Begin PBXBuildFile section */
		789277981A9BFCA5001F061D /* AppDelegate.swift in Sources */ = {isa = PBXBuildFile; fileRef = 789277971A9BFCA5001F061D /* AppDelegate.swift */; };
		7892779A1A9BFCA5001F061D /* ViewController.swift in Sources */ = {isa = PBXBuildFile; fileRef = 789277991A9BFCA5001F061D /* ViewController.swift */; };
		7892779D1A9BFCA5001F061D /* Main.storyboard in Resources */ = {isa = PBXBuildFile; fileRef = 7892779B1A9BFCA5001F061D /* Main.storyboard */; };
		7892779F1A9BFCA5001F061D /* Images.xcassets in Resources */ = {isa = PBXBuildFile; fileRef = 7892779E1A9BFCA5001F061D /* Images.xcassets */; };
		789277A21A9BFCA5001F061D /* LaunchScreen.xib in Resources */ = {isa = PBXBuildFile; fileRef = 789277A01A9BFCA5001F061D /* LaunchScreen.xib */; };
		789277AE1A9BFCA5001F061D /* Data_PersistenceTests.swift in Sources */ = {isa = PBXBuildFile; fileRef = 789277AD1A9BFCA5001F061D /* Data_PersistenceTests.swift */; };
		789277E61A9C0E9B001F061D /* Books.plist in Resources */ = {isa = PBXBuildFile; fileRef = 789277E51A9C0E9B001F061D /* Books.plist */; };
/* End PBXBuildFile section */

/* Begin PBXContainerItemProxy section */
		789277A81A9BFCA5001F061D /* PBXContainerItemProxy */ = {
			isa = PBXContainerItemProxy;
			containerPortal = 7892778A1A9BFCA5001F061D /* Project object */;
			proxyType = 1;
			remoteGlobalIDString = 789277911A9BFCA5001F061D;
			remoteInfo = "Data Persistence";
		};
/* End PBXContainerItemProxy section */

/* Begin PBXFileReference section */
		789277921A9BFCA5001F061D /* Data Persistence.app */ = {isa = PBXFileReference; explicitFileType = wrapper.application; includeInIndex = 0; path = "Data Persistence.app"; sourceTree = BUILT_PRODUCTS_DIR; };
		789277961A9BFCA5001F061D /* Info.plist */ = {isa = PBXFileReference; lastKnownFileType = text.plist.xml; path = Info.plist; sourceTree = "<group>"; };
		789277971A9BFCA5001F061D /* AppDelegate.swift */ = {isa = PBXFileReference; lastKnownFileType = sourcecode.swift; path = AppDelegate.swift; sourceTree = "<group>"; };
		789277991A9BFCA5001F061D /* ViewController.swift */ = {isa = PBXFileReference; lastKnownFileType = sourcecode.swift; path = ViewController.swift; sourceTree = "<group>"; };
		7892779C1A9BFCA5001F061D /* Base */ = {isa = PBXFileReference; lastKnownFileType = file.storyboard; name = Base; path = Base.lproj/Main.storyboard; sourceTree = "<group>"; };
		7892779E1A9BFCA5001F061D /* Images.xcassets */ = {isa = PBXFileReference; lastKnownFileType = folder.assetcatalog; path = Images.xcassets; sourceTree = "<group>"; };
		789277A11A9BFCA5001F061D /* Base */ = {isa = PBXFileReference; lastKnownFileType = file.xib; name = Base; path = Base.lproj/LaunchScreen.xib; sourceTree = "<group>"; };
		789277A71A9BFCA5001F061D /* Data PersistenceTests.xctest */ = {isa = PBXFileReference; explicitFileType = wrapper.cfbundle; includeInIndex = 0; path = "Data PersistenceTests.xctest"; sourceTree = BUILT_PRODUCTS_DIR; };
		789277AC1A9BFCA5001F061D /* Info.plist */ = {isa = PBXFileReference; lastKnownFileType = text.plist.xml; path = Info.plist; sourceTree = "<group>"; };
		789277AD1A9BFCA5001F061D /* Data_PersistenceTests.swift */ = {isa = PBXFileReference; lastKnownFileType = sourcecode.swift; path = Data_PersistenceTests.swift; sourceTree = "<group>"; };
		789277E51A9C0E9B001F061D /* Books.plist */ = {isa = PBXFileReference; fileEncoding = 4; lastKnownFileType = text.plist.xml; path = Books.plist; sourceTree = "<group>"; };
/* End PBXFileReference section */

/* Begin PBXFrameworksBuildPhase section */
		7892778F1A9BFCA5001F061D /* Frameworks */ = {
			isa = PBXFrameworksBuildPhase;
			buildActionMask = 2147483647;
			files = (
			);
			runOnlyForDeploymentPostprocessing = 0;
		};
		789277A41A9BFCA5001F061D /* Frameworks */ = {
			isa = PBXFrameworksBuildPhase;
			buildActionMask = 2147483647;
			files = (
			);
			runOnlyForDeploymentPostprocessing = 0;
		};
/* End PBXFrameworksBuildPhase section */

/* Begin PBXGroup section */
		789277891A9BFCA5001F061D = {
			isa = PBXGroup;
			children = (
				789277941A9BFCA5001F061D /* Data Persistence */,
				789277AA1A9BFCA5001F061D /* Data PersistenceTests */,
				789277931A9BFCA5001F061D /* Products */,
			);
			sourceTree = "<group>";
		};
		789277931A9BFCA5001F061D /* Products */ = {
			isa = PBXGroup;
			children = (
				789277921A9BFCA5001F061D /* Data Persistence.app */,
				789277A71A9BFCA5001F061D /* Data PersistenceTests.xctest */,
			);
			name = Products;
			sourceTree = "<group>";
		};
		789277941A9BFCA5001F061D /* Data Persistence */ = {
			isa = PBXGroup;
			children = (
				789277971A9BFCA5001F061D /* AppDelegate.swift */,
				789277E51A9C0E9B001F061D /* Books.plist */,
				789277991A9BFCA5001F061D /* ViewController.swift */,
				7892779B1A9BFCA5001F061D /* Main.storyboard */,
				7892779E1A9BFCA5001F061D /* Images.xcassets */,
				789277A01A9BFCA5001F061D /* LaunchScreen.xib */,
				789277951A9BFCA5001F061D /* Supporting Files */,
			);
			path = "Data Persistence";
			sourceTree = "<group>";
		};
		789277951A9BFCA5001F061D /* Supporting Files */ = {
			isa = PBXGroup;
			children = (
				789277961A9BFCA5001F061D /* Info.plist */,
			);
			name = "Supporting Files";
			sourceTree = "<group>";
		};
		789277AA1A9BFCA5001F061D /* Data PersistenceTests */ = {
			isa = PBXGroup;
			children = (
				789277AD1A9BFCA5001F061D /* Data_PersistenceTests.swift */,
				789277AB1A9BFCA5001F061D /* Supporting Files */,
			);
			path = "Data PersistenceTests";
			sourceTree = "<group>";
		};
		789277AB1A9BFCA5001F061D /* Supporting Files */ = {
			isa = PBXGroup;
			children = (
				789277AC1A9BFCA5001F061D /* Info.plist */,
			);
			name = "Supporting Files";
			sourceTree = "<group>";
		};
/* End PBXGroup section */

/* Begin PBXNativeTarget section */
		789277911A9BFCA5001F061D /* Data Persistence */ = {
			isa = PBXNativeTarget;
			buildConfigurationList = 789277B11A9BFCA5001F061D /* Build configuration list for PBXNativeTarget "Data Persistence" */;
			buildPhases = (
				7892778E1A9BFCA5001F061D /* Sources */,
				7892778F1A9BFCA5001F061D /* Frameworks */,
				789277901A9BFCA5001F061D /* Resources */,
			);
			buildRules = (
			);
			dependencies = (
			);
			name = "Data Persistence";
			productName = "Data Persistence";
			productReference = 789277921A9BFCA5001F061D /* Data Persistence.app */;
			productType = "com.apple.product-type.application";
		};
		789277A61A9BFCA5001F061D /* Data PersistenceTests */ = {
			isa = PBXNativeTarget;
			buildConfigurationList = 789277B41A9BFCA5001F061D /* Build configuration list for PBXNativeTarget "Data PersistenceTests" */;
			buildPhases = (
				789277A31A9BFCA5001F061D /* Sources */,
				789277A41A9BFCA5001F061D /* Frameworks */,
				789277A51A9BFCA5001F061D /* Resources */,
			);
			buildRules = (
			);
			dependencies = (
				789277A91A9BFCA5001F061D /* PBXTargetDependency */,
			);
			name = "Data PersistenceTests";
			productName = "Data PersistenceTests";
			productReference = 789277A71A9BFCA5001F061D /* Data PersistenceTests.xctest */;
			productType = "com.apple.product-type.bundle.unit-test";
		};
/* End PBXNativeTarget section */

/* Begin PBXProject section */
		7892778A1A9BFCA5001F061D /* Project object */ = {
			isa = PBXProject;
			attributes = {
				LastUpgradeCheck = 0610;
				ORGANIZATIONNAME = "Alexis Saint-Jean";
				TargetAttributes = {
					789277911A9BFCA5001F061D = {
						CreatedOnToolsVersion = 6.1.1;
					};
					789277A61A9BFCA5001F061D = {
						CreatedOnToolsVersion = 6.1.1;
						TestTargetID = 789277911A9BFCA5001F061D;
					};
				};
			};
			buildConfigurationList = 7892778D1A9BFCA5001F061D /* Build configuration list for PBXProject "Data Persistence" */;
			compatibilityVersion = "Xcode 3.2";
			developmentRegion = English;
			hasScannedForEncodings = 0;
			knownRegions = (
				en,
				Base,
			);
			mainGroup = 789277891A9BFCA5001F061D;
			productRefGroup = 789277931A9BFCA5001F061D /* Products */;
			projectDirPath = "";
			projectRoot = "";
			targets = (
				789277911A9BFCA5001F061D /* Data Persistence */,
				789277A61A9BFCA5001F061D /* Data PersistenceTests */,
			);
		};
/* End PBXProject section */

/* Begin PBXResourcesBuildPhase section */
		789277901A9BFCA5001F061D /* Resources */ = {
			isa = PBXResourcesBuildPhase;
			buildActionMask = 2147483647;
			files = (
				7892779D1A9BFCA5001F061D /* Main.storyboard in Resources */,
				789277A21A9BFCA5001F061D /* LaunchScreen.xib in Resources */,
				7892779F1A9BFCA5001F061D /* Images.xcassets in Resources */,
				789277E61A9C0E9B001F061D /* Books.plist in Resources */,
			);
			runOnlyForDeploymentPostprocessing = 0;
		};
		789277A51A9BFCA5001F061D /* Resources */ = {
			isa = PBXResourcesBuildPhase;
			buildActionMask = 2147483647;
			files = (
			);
			runOnlyForDeploymentPostprocessing = 0;
		};
/* End PBXResourcesBuildPhase section */

/* Begin PBXSourcesBuildPhase section */
		7892778E1A9BFCA5001F061D /* Sources */ = {
			isa = PBXSourcesBuildPhase;
			buildActionMask = 2147483647;
			files = (
				7892779A1A9BFCA5001F061D /* ViewController.swift in Sources */,
				789277981A9BFCA5001F061D /* AppDelegate.swift in Sources */,
			);
			runOnlyForDeploymentPostprocessing = 0;
		};
		789277A31A9BFCA5001F061D /* Sources */ = {
			isa = PBXSourcesBuildPhase;
			buildActionMask = 2147483647;
			files = (
				789277AE1A9BFCA5001F061D /* Data_PersistenceTests.swift in Sources */,
			);
			runOnlyForDeploymentPostprocessing = 0;
		};
/* End PBXSourcesBuildPhase section */

/* Begin PBXTargetDependency section */
		789277A91A9BFCA5001F061D /* PBXTargetDependency */ = {
			isa = PBXTargetDependency;
			target = 789277911A9BFCA5001F061D /* Data Persistence */;
			targetProxy = 789277A81A9BFCA5001F061D /* PBXContainerItemProxy */;
		};
/* End PBXTargetDependency section */

/* Begin PBXVariantGroup section */
		7892779B1A9BFCA5001F061D /* Main.storyboard */ = {
			isa = PBXVariantGroup;
			children = (
				7892779C1A9BFCA5001F061D /* Base */,
			);
			name = Main.storyboard;
			sourceTree = "<group>";
		};
		789277A01A9BFCA5001F061D /* LaunchScreen.xib */ = {
			isa = PBXVariantGroup;
			children = (
				789277A11A9BFCA5001F061D /* Base */,
			);
			name = LaunchScreen.xib;
			sourceTree = "<group>";
		};
/* End PBXVariantGroup section */

/* Begin XCBuildConfiguration section */
		789277AF1A9BFCA5001F061D /* Debug */ = {
			isa = XCBuildConfiguration;
			buildSettings = {
				ALWAYS_SEARCH_USER_PATHS = NO;
				CLANG_CXX_LANGUAGE_STANDARD = "gnu++0x";
				CLANG_CXX_LIBRARY = "libc++";
				CLANG_ENABLE_MODULES = YES;
				CLANG_ENABLE_OBJC_ARC = YES;
				CLANG_WARN_BOOL_CONVERSION = YES;
				CLANG_WARN_CONSTANT_CONVERSION = YES;
				CLANG_WARN_DIRECT_OBJC_ISA_USAGE = YES_ERROR;
				CLANG_WARN_EMPTY_BODY = YES;
				CLANG_WARN_ENUM_CONVERSION = YES;
				CLANG_WARN_INT_CONVERSION = YES;
				CLANG_WARN_OBJC_ROOT_CLASS = YES_ERROR;
				CLANG_WARN_UNREACHABLE_CODE = YES;
				CLANG_WARN__DUPLICATE_METHOD_MATCH = YES;
				"CODE_SIGN_IDENTITY[sdk=iphoneos*]" = "iPhone Developer";
				COPY_PHASE_STRIP = NO;
				ENABLE_STRICT_OBJC_MSGSEND = YES;
				GCC_C_LANGUAGE_STANDARD = gnu99;
				GCC_DYNAMIC_NO_PIC = NO;
				GCC_OPTIMIZATION_LEVEL = 0;
				GCC_PREPROCESSOR_DEFINITIONS = (
					"DEBUG=1",
					"$(inherited)",
				);
				GCC_SYMBOLS_PRIVATE_EXTERN = NO;
				GCC_WARN_64_TO_32_BIT_CONVERSION = YES;
				GCC_WARN_ABOUT_RETURN_TYPE = YES_ERROR;
				GCC_WARN_UNDECLARED_SELECTOR = YES;
				GCC_WARN_UNINITIALIZED_AUTOS = YES_AGGRESSIVE;
				GCC_WARN_UNUSED_FUNCTION = YES;
				GCC_WARN_UNUSED_VARIABLE = YES;
				IPHONEOS_DEPLOYMENT_TARGET = 8.1;
				MTL_ENABLE_DEBUG_INFO = YES;
				ONLY_ACTIVE_ARCH = YES;
				SDKROOT = iphoneos;
				SWIFT_OPTIMIZATION_LEVEL = "-Onone";
			};
			name = Debug;
		};
		789277B01A9BFCA5001F061D /* Release */ = {
			isa = XCBuildConfiguration;
			buildSettings = {
				ALWAYS_SEARCH_USER_PATHS = NO;
				CLANG_CXX_LANGUAGE_STANDARD = "gnu++0x";
				CLANG_CXX_LIBRARY = "libc++";
				CLANG_ENABLE_MODULES = YES;
				CLANG_ENABLE_OBJC_ARC = YES;
				CLANG_WARN_BOOL_CONVERSION = YES;
				CLANG_WARN_CONSTANT_CONVERSION = YES;
				CLANG_WARN_DIRECT_OBJC_ISA_USAGE = YES_ERROR;
				CLANG_WARN_EMPTY_BODY = YES;
				CLANG_WARN_ENUM_CONVERSION = YES;
				CLANG_WARN_INT_CONVERSION = YES;
				CLANG_WARN_OBJC_ROOT_CLASS = YES_ERROR;
				CLANG_WARN_UNREACHABLE_CODE = YES;
				CLANG_WARN__DUPLICATE_METHOD_MATCH = YES;
				"CODE_SIGN_IDENTITY[sdk=iphoneos*]" = "iPhone Developer";
				COPY_PHASE_STRIP = YES;
				ENABLE_NS_ASSERTIONS = NO;
				ENABLE_STRICT_OBJC_MSGSEND = YES;
				GCC_C_LANGUAGE_STANDARD = gnu99;
				GCC_WARN_64_TO_32_BIT_CONVERSION = YES;
				GCC_WARN_ABOUT_RETURN_TYPE = YES_ERROR;
				GCC_WARN_UNDECLARED_SELECTOR = YES;
				GCC_WARN_UNINITIALIZED_AUTOS = YES_AGGRESSIVE;
				GCC_WARN_UNUSED_FUNCTION = YES;
				GCC_WARN_UNUSED_VARIABLE = YES;
				IPHONEOS_DEPLOYMENT_TARGET = 8.1;
				MTL_ENABLE_DEBUG_INFO = NO;
				SDKROOT = iphoneos;
				VALIDATE_PRODUCT = YES;
			};
			name = Release;
		};
		789277B21A9BFCA5001F061D /* Debug */ = {
			isa = XCBuildConfiguration;
			buildSettings = {
				ASSETCATALOG_COMPILER_APPICON_NAME = AppIcon;
				INFOPLIST_FILE = "Data Persistence/Info.plist";
				LD_RUNPATH_SEARCH_PATHS = "$(inherited) @executable_path/Frameworks";
				PRODUCT_NAME = "$(TARGET_NAME)";
			};
			name = Debug;
		};
		789277B31A9BFCA5001F061D /* Release */ = {
			isa = XCBuildConfiguration;
			buildSettings = {
				ASSETCATALOG_COMPILER_APPICON_NAME = AppIcon;
				INFOPLIST_FILE = "Data Persistence/Info.plist";
				LD_RUNPATH_SEARCH_PATHS = "$(inherited) @executable_path/Frameworks";
				PRODUCT_NAME = "$(TARGET_NAME)";
			};
			name = Release;
		};
		789277B51A9BFCA5001F061D /* Debug */ = {
			isa = XCBuildConfiguration;
			buildSettings = {
				BUNDLE_LOADER = "$(TEST_HOST)";
				FRAMEWORK_SEARCH_PATHS = (
					"$(SDKROOT)/Developer/Library/Frameworks",
					"$(inherited)",
				);
				GCC_PREPROCESSOR_DEFINITIONS = (
					"DEBUG=1",
					"$(inherited)",
				);
				INFOPLIST_FILE = "Data PersistenceTests/Info.plist";
				LD_RUNPATH_SEARCH_PATHS = "$(inherited) @executable_path/Frameworks @loader_path/Frameworks";
				PRODUCT_NAME = "$(TARGET_NAME)";
				TEST_HOST = "$(BUILT_PRODUCTS_DIR)/Data Persistence.app/Data Persistence";
			};
			name = Debug;
		};
		789277B61A9BFCA5001F061D /* Release */ = {
			isa = XCBuildConfiguration;
			buildSettings = {
				BUNDLE_LOADER = "$(TEST_HOST)";
				FRAMEWORK_SEARCH_PATHS = (
					"$(SDKROOT)/Developer/Library/Frameworks",
					"$(inherited)",
				);
				INFOPLIST_FILE = "Data PersistenceTests/Info.plist";
				LD_RUNPATH_SEARCH_PATHS = "$(inherited) @executable_path/Frameworks @loader_path/Frameworks";
				PRODUCT_NAME = "$(TARGET_NAME)";
				TEST_HOST = "$(BUILT_PRODUCTS_DIR)/Data Persistence.app/Data Persistence";
			};
			name = Release;
		};
/* End XCBuildConfiguration section */

/* Begin XCConfigurationList section */
		7892778D1A9BFCA5001F061D /* Build configuration list for PBXProject "Data Persistence" */ = {
			isa = XCConfigurationList;
			buildConfigurations = (
				789277AF1A9BFCA5001F061D /* Debug */,
				789277B01A9BFCA5001F061D /* Release */,
			);
			defaultConfigurationIsVisible = 0;
			defaultConfigurationName = Release;
		};
		789277B11A9BFCA5001F061D /* Build configuration list for PBXNativeTarget "Data Persistence" */ = {
			isa = XCConfigurationList;
			buildConfigurations = (
				789277B21A9BFCA5001F061D /* Debug */,
				789277B31A9BFCA5001F061D /* Release */,
			);
			defaultConfigurationIsVisible = 0;
		};
		789277B41A9BFCA5001F061D /* Build configuration list for PBXNativeTarget "Data PersistenceTests" */ = {
			isa = XCConfigurationList;
			buildConfigurations = (
				789277B51A9BFCA5001F061D /* Debug */,
				789277B61A9BFCA5001F061D /* Release */,
			);
			defaultConfigurationIsVisible = 0;
		};
/* End XCConfigurationList section */
	};
	rootObject = 7892778A1A9BFCA5001F061D /* Project object */;
}
