// !$*UTF8*$!
{
	archiveVersion = 1;
	classes = {
	};
	objectVersion = 46;
	objects = {

/* Begin PBXBuildFile section */
		7838E3F51A804D5500AD0522 /* AppDelegate.swift in Sources */ = {isa = PBXBuildFile; fileRef = 7838E3F41A804D5500AD0522 /* AppDelegate.swift */; };
		7838E3F71A804D5500AD0522 /* ViewController.swift in Sources */ = {isa = PBXBuildFile; fileRef = 7838E3F61A804D5500AD0522 /* ViewController.swift */; };
		7838E3FA1A804D5500AD0522 /* Main.storyboard in Resources */ = {isa = PBXBuildFile; fileRef = 7838E3F81A804D5500AD0522 /* Main.storyboard */; };
		7838E3FC1A804D5500AD0522 /* Images.xcassets in Resources */ = {isa = PBXBuildFile; fileRef = 7838E3FB1A804D5500AD0522 /* Images.xcassets */; };
		7838E3FF1A804D5500AD0522 /* LaunchScreen.xib in Resources */ = {isa = PBXBuildFile; fileRef = 7838E3FD1A804D5500AD0522 /* LaunchScreen.xib */; };
		7838E40B1A804D5500AD0522 /* iosDelegatesTests.swift in Sources */ = {isa = PBXBuildFile; fileRef = 7838E40A1A804D5500AD0522 /* iosDelegatesTests.swift */; };
/* End PBXBuildFile section */

/* Begin PBXContainerItemProxy section */
		7838E4051A804D5500AD0522 /* PBXContainerItemProxy */ = {
			isa = PBXContainerItemProxy;
			containerPortal = 7838E3E71A804D5500AD0522 /* Project object */;
			proxyType = 1;
			remoteGlobalIDString = 7838E3EE1A804D5500AD0522;
			remoteInfo = iosDelegates;
		};
/* End PBXContainerItemProxy section */

/* Begin PBXFileReference section */
		7838E3EF1A804D5500AD0522 /* iosDelegates.app */ = {isa = PBXFileReference; explicitFileType = wrapper.application; includeInIndex = 0; path = iosDelegates.app; sourceTree = BUILT_PRODUCTS_DIR; };
		7838E3F31A804D5500AD0522 /* Info.plist */ = {isa = PBXFileReference; lastKnownFileType = text.plist.xml; path = Info.plist; sourceTree = "<group>"; };
		7838E3F41A804D5500AD0522 /* AppDelegate.swift */ = {isa = PBXFileReference; lastKnownFileType = sourcecode.swift; path = AppDelegate.swift; sourceTree = "<group>"; };
		7838E3F61A804D5500AD0522 /* ViewController.swift */ = {isa = PBXFileReference; lastKnownFileType = sourcecode.swift; path = ViewController.swift; sourceTree = "<group>"; };
		7838E3F91A804D5500AD0522 /* Base */ = {isa = PBXFileReference; lastKnownFileType = file.storyboard; name = Base; path = Base.lproj/Main.storyboard; sourceTree = "<group>"; };
		7838E3FB1A804D5500AD0522 /* Images.xcassets */ = {isa = PBXFileReference; lastKnownFileType = folder.assetcatalog; path = Images.xcassets; sourceTree = "<group>"; };
		7838E3FE1A804D5500AD0522 /* Base */ = {isa = PBXFileReference; lastKnownFileType = file.xib; name = Base; path = Base.lproj/LaunchScreen.xib; sourceTree = "<group>"; };
		7838E4041A804D5500AD0522 /* iosDelegatesTests.xctest */ = {isa = PBXFileReference; explicitFileType = wrapper.cfbundle; includeInIndex = 0; path = iosDelegatesTests.xctest; sourceTree = BUILT_PRODUCTS_DIR; };
		7838E4091A804D5500AD0522 /* Info.plist */ = {isa = PBXFileReference; lastKnownFileType = text.plist.xml; path = Info.plist; sourceTree = "<group>"; };
		7838E40A1A804D5500AD0522 /* iosDelegatesTests.swift */ = {isa = PBXFileReference; lastKnownFileType = sourcecode.swift; path = iosDelegatesTests.swift; sourceTree = "<group>"; };
/* End PBXFileReference section */

/* Begin PBXFrameworksBuildPhase section */
		7838E3EC1A804D5500AD0522 /* Frameworks */ = {
			isa = PBXFrameworksBuildPhase;
			buildActionMask = 2147483647;
			files = (
			);
			runOnlyForDeploymentPostprocessing = 0;
		};
		7838E4011A804D5500AD0522 /* Frameworks */ = {
			isa = PBXFrameworksBuildPhase;
			buildActionMask = 2147483647;
			files = (
			);
			runOnlyForDeploymentPostprocessing = 0;
		};
/* End PBXFrameworksBuildPhase section */

/* Begin PBXGroup section */
		7838E3E61A804D5500AD0522 = {
			isa = PBXGroup;
			children = (
				7838E3F11A804D5500AD0522 /* iosDelegates */,
				7838E4071A804D5500AD0522 /* iosDelegatesTests */,
				7838E3F01A804D5500AD0522 /* Products */,
			);
			sourceTree = "<group>";
		};
		7838E3F01A804D5500AD0522 /* Products */ = {
			isa = PBXGroup;
			children = (
				7838E3EF1A804D5500AD0522 /* iosDelegates.app */,
				7838E4041A804D5500AD0522 /* iosDelegatesTests.xctest */,
			);
			name = Products;
			sourceTree = "<group>";
		};
		7838E3F11A804D5500AD0522 /* iosDelegates */ = {
			isa = PBXGroup;
			children = (
				7838E3F41A804D5500AD0522 /* AppDelegate.swift */,
				7838E3F61A804D5500AD0522 /* ViewController.swift */,
				7838E3F81A804D5500AD0522 /* Main.storyboard */,
				7838E3FB1A804D5500AD0522 /* Images.xcassets */,
				7838E3FD1A804D5500AD0522 /* LaunchScreen.xib */,
				7838E3F21A804D5500AD0522 /* Supporting Files */,
			);
			path = iosDelegates;
			sourceTree = "<group>";
		};
		7838E3F21A804D5500AD0522 /* Supporting Files */ = {
			isa = PBXGroup;
			children = (
				7838E3F31A804D5500AD0522 /* Info.plist */,
			);
			name = "Supporting Files";
			sourceTree = "<group>";
		};
		7838E4071A804D5500AD0522 /* iosDelegatesTests */ = {
			isa = PBXGroup;
			children = (
				7838E40A1A804D5500AD0522 /* iosDelegatesTests.swift */,
				7838E4081A804D5500AD0522 /* Supporting Files */,
			);
			path = iosDelegatesTests;
			sourceTree = "<group>";
		};
		7838E4081A804D5500AD0522 /* Supporting Files */ = {
			isa = PBXGroup;
			children = (
				7838E4091A804D5500AD0522 /* Info.plist */,
			);
			name = "Supporting Files";
			sourceTree = "<group>";
		};
/* End PBXGroup section */

/* Begin PBXNativeTarget section */
		7838E3EE1A804D5500AD0522 /* iosDelegates */ = {
			isa = PBXNativeTarget;
			buildConfigurationList = 7838E40E1A804D5500AD0522 /* Build configuration list for PBXNativeTarget "iosDelegates" */;
			buildPhases = (
				7838E3EB1A804D5500AD0522 /* Sources */,
				7838E3EC1A804D5500AD0522 /* Frameworks */,
				7838E3ED1A804D5500AD0522 /* Resources */,
			);
			buildRules = (
			);
			dependencies = (
			);
			name = iosDelegates;
			productName = iosDelegates;
			productReference = 7838E3EF1A804D5500AD0522 /* iosDelegates.app */;
			productType = "com.apple.product-type.application";
		};
		7838E4031A804D5500AD0522 /* iosDelegatesTests */ = {
			isa = PBXNativeTarget;
			buildConfigurationList = 7838E4111A804D5500AD0522 /* Build configuration list for PBXNativeTarget "iosDelegatesTests" */;
			buildPhases = (
				7838E4001A804D5500AD0522 /* Sources */,
				7838E4011A804D5500AD0522 /* Frameworks */,
				7838E4021A804D5500AD0522 /* Resources */,
			);
			buildRules = (
			);
			dependencies = (
				7838E4061A804D5500AD0522 /* PBXTargetDependency */,
			);
			name = iosDelegatesTests;
			productName = iosDelegatesTests;
			productReference = 7838E4041A804D5500AD0522 /* iosDelegatesTests.xctest */;
			productType = "com.apple.product-type.bundle.unit-test";
		};
/* End PBXNativeTarget section */

/* Begin PBXProject section */
		7838E3E71A804D5500AD0522 /* Project object */ = {
			isa = PBXProject;
			attributes = {
				LastUpgradeCheck = 0610;
				ORGANIZATIONNAME = "Alexis Saint-Jean";
				TargetAttributes = {
					7838E3EE1A804D5500AD0522 = {
						CreatedOnToolsVersion = 6.1.1;
					};
					7838E4031A804D5500AD0522 = {
						CreatedOnToolsVersion = 6.1.1;
						TestTargetID = 7838E3EE1A804D5500AD0522;
					};
				};
			};
			buildConfigurationList = 7838E3EA1A804D5500AD0522 /* Build configuration list for PBXProject "iosDelegates" */;
			compatibilityVersion = "Xcode 3.2";
			developmentRegion = English;
			hasScannedForEncodings = 0;
			knownRegions = (
				en,
				Base,
			);
			mainGroup = 7838E3E61A804D5500AD0522;
			productRefGroup = 7838E3F01A804D5500AD0522 /* Products */;
			projectDirPath = "";
			projectRoot = "";
			targets = (
				7838E3EE1A804D5500AD0522 /* iosDelegates */,
				7838E4031A804D5500AD0522 /* iosDelegatesTests */,
			);
		};
/* End PBXProject section */

/* Begin PBXResourcesBuildPhase section */
		7838E3ED1A804D5500AD0522 /* Resources */ = {
			isa = PBXResourcesBuildPhase;
			buildActionMask = 2147483647;
			files = (
				7838E3FA1A804D5500AD0522 /* Main.storyboard in Resources */,
				7838E3FF1A804D5500AD0522 /* LaunchScreen.xib in Resources */,
				7838E3FC1A804D5500AD0522 /* Images.xcassets in Resources */,
			);
			runOnlyForDeploymentPostprocessing = 0;
		};
		7838E4021A804D5500AD0522 /* Resources */ = {
			isa = PBXResourcesBuildPhase;
			buildActionMask = 2147483647;
			files = (
			);
			runOnlyForDeploymentPostprocessing = 0;
		};
/* End PBXResourcesBuildPhase section */

/* Begin PBXSourcesBuildPhase section */
		7838E3EB1A804D5500AD0522 /* Sources */ = {
			isa = PBXSourcesBuildPhase;
			buildActionMask = 2147483647;
			files = (
				7838E3F71A804D5500AD0522 /* ViewController.swift in Sources */,
				7838E3F51A804D5500AD0522 /* AppDelegate.swift in Sources */,
			);
			runOnlyForDeploymentPostprocessing = 0;
		};
		7838E4001A804D5500AD0522 /* Sources */ = {
			isa = PBXSourcesBuildPhase;
			buildActionMask = 2147483647;
			files = (
				7838E40B1A804D5500AD0522 /* iosDelegatesTests.swift in Sources */,
			);
			runOnlyForDeploymentPostprocessing = 0;
		};
/* End PBXSourcesBuildPhase section */

/* Begin PBXTargetDependency section */
		7838E4061A804D5500AD0522 /* PBXTargetDependency */ = {
			isa = PBXTargetDependency;
			target = 7838E3EE1A804D5500AD0522 /* iosDelegates */;
			targetProxy = 7838E4051A804D5500AD0522 /* PBXContainerItemProxy */;
		};
/* End PBXTargetDependency section */

/* Begin PBXVariantGroup section */
		7838E3F81A804D5500AD0522 /* Main.storyboard */ = {
			isa = PBXVariantGroup;
			children = (
				7838E3F91A804D5500AD0522 /* Base */,
			);
			name = Main.storyboard;
			sourceTree = "<group>";
		};
		7838E3FD1A804D5500AD0522 /* LaunchScreen.xib */ = {
			isa = PBXVariantGroup;
			children = (
				7838E3FE1A804D5500AD0522 /* Base */,
			);
			name = LaunchScreen.xib;
			sourceTree = "<group>";
		};
/* End PBXVariantGroup section */

/* Begin XCBuildConfiguration section */
		7838E40C1A804D5500AD0522 /* Debug */ = {
			isa = XCBuildConfiguration;
			buildSettings = {
				ALWAYS_SEARCH_USER_PATHS = NO;
				CLANG_CXX_LANGUAGE_STANDARD = "gnu++0x";
				CLANG_CXX_LIBRARY = "libc++";
				CLANG_ENABLE_MODULES = YES;
				CLANG_ENABLE_OBJC_ARC = YES;
				CLANG_WARN_BOOL_CONVERSION = YES;
				CLANG_WARN_CONSTANT_CONVERSION = YES;
				CLANG_WARN_DIRECT_OBJC_ISA_USAGE = YES_ERROR;
				CLANG_WARN_EMPTY_BODY = YES;
				CLANG_WARN_ENUM_CONVERSION = YES;
				CLANG_WARN_INT_CONVERSION = YES;
				CLANG_WARN_OBJC_ROOT_CLASS = YES_ERROR;
				CLANG_WARN_UNREACHABLE_CODE = YES;
				CLANG_WARN__DUPLICATE_METHOD_MATCH = YES;
				"CODE_SIGN_IDENTITY[sdk=iphoneos*]" = "iPhone Developer";
				COPY_PHASE_STRIP = NO;
				ENABLE_STRICT_OBJC_MSGSEND = YES;
				GCC_C_LANGUAGE_STANDARD = gnu99;
				GCC_DYNAMIC_NO_PIC = NO;
				GCC_OPTIMIZATION_LEVEL = 0;
				GCC_PREPROCESSOR_DEFINITIONS = (
					"DEBUG=1",
					"$(inherited)",
				);
				GCC_SYMBOLS_PRIVATE_EXTERN = NO;
				GCC_WARN_64_TO_32_BIT_CONVERSION = YES;
				GCC_WARN_ABOUT_RETURN_TYPE = YES_ERROR;
				GCC_WARN_UNDECLARED_SELECTOR = YES;
				GCC_WARN_UNINITIALIZED_AUTOS = YES_AGGRESSIVE;
				GCC_WARN_UNUSED_FUNCTION = YES;
				GCC_WARN_UNUSED_VARIABLE = YES;
				IPHONEOS_DEPLOYMENT_TARGET = 8.1;
				MTL_ENABLE_DEBUG_INFO = YES;
				ONLY_ACTIVE_ARCH = YES;
				SDKROOT = iphoneos;
				SWIFT_OPTIMIZATION_LEVEL = "-Onone";
				TARGETED_DEVICE_FAMILY = "1,2";
			};
			name = Debug;
		};
		7838E40D1A804D5500AD0522 /* Release */ = {
			isa = XCBuildConfiguration;
			buildSettings = {
				ALWAYS_SEARCH_USER_PATHS = NO;
				CLANG_CXX_LANGUAGE_STANDARD = "gnu++0x";
				CLANG_CXX_LIBRARY = "libc++";
				CLANG_ENABLE_MODULES = YES;
				CLANG_ENABLE_OBJC_ARC = YES;
				CLANG_WARN_BOOL_CONVERSION = YES;
				CLANG_WARN_CONSTANT_CONVERSION = YES;
				CLANG_WARN_DIRECT_OBJC_ISA_USAGE = YES_ERROR;
				CLANG_WARN_EMPTY_BODY = YES;
				CLANG_WARN_ENUM_CONVERSION = YES;
				CLANG_WARN_INT_CONVERSION = YES;
				CLANG_WARN_OBJC_ROOT_CLASS = YES_ERROR;
				CLANG_WARN_UNREACHABLE_CODE = YES;
				CLANG_WARN__DUPLICATE_METHOD_MATCH = YES;
				"CODE_SIGN_IDENTITY[sdk=iphoneos*]" = "iPhone Developer";
				COPY_PHASE_STRIP = YES;
				ENABLE_NS_ASSERTIONS = NO;
				ENABLE_STRICT_OBJC_MSGSEND = YES;
				GCC_C_LANGUAGE_STANDARD = gnu99;
				GCC_WARN_64_TO_32_BIT_CONVERSION = YES;
				GCC_WARN_ABOUT_RETURN_TYPE = YES_ERROR;
				GCC_WARN_UNDECLARED_SELECTOR = YES;
				GCC_WARN_UNINITIALIZED_AUTOS = YES_AGGRESSIVE;
				GCC_WARN_UNUSED_FUNCTION = YES;
				GCC_WARN_UNUSED_VARIABLE = YES;
				IPHONEOS_DEPLOYMENT_TARGET = 8.1;
				MTL_ENABLE_DEBUG_INFO = NO;
				SDKROOT = iphoneos;
				TARGETED_DEVICE_FAMILY = "1,2";
				VALIDATE_PRODUCT = YES;
			};
			name = Release;
		};
		7838E40F1A804D5500AD0522 /* Debug */ = {
			isa = XCBuildConfiguration;
			buildSettings = {
				ASSETCATALOG_COMPILER_APPICON_NAME = AppIcon;
				INFOPLIST_FILE = iosDelegates/Info.plist;
				LD_RUNPATH_SEARCH_PATHS = "$(inherited) @executable_path/Frameworks";
				PRODUCT_NAME = "$(TARGET_NAME)";
			};
			name = Debug;
		};
		7838E4101A804D5500AD0522 /* Release */ = {
			isa = XCBuildConfiguration;
			buildSettings = {
				ASSETCATALOG_COMPILER_APPICON_NAME = AppIcon;
				INFOPLIST_FILE = iosDelegates/Info.plist;
				LD_RUNPATH_SEARCH_PATHS = "$(inherited) @executable_path/Frameworks";
				PRODUCT_NAME = "$(TARGET_NAME)";
			};
			name = Release;
		};
		7838E4121A804D5500AD0522 /* Debug */ = {
			isa = XCBuildConfiguration;
			buildSettings = {
				BUNDLE_LOADER = "$(TEST_HOST)";
				FRAMEWORK_SEARCH_PATHS = (
					"$(SDKROOT)/Developer/Library/Frameworks",
					"$(inherited)",
				);
				GCC_PREPROCESSOR_DEFINITIONS = (
					"DEBUG=1",
					"$(inherited)",
				);
				INFOPLIST_FILE = iosDelegatesTests/Info.plist;
				LD_RUNPATH_SEARCH_PATHS = "$(inherited) @executable_path/Frameworks @loader_path/Frameworks";
				PRODUCT_NAME = "$(TARGET_NAME)";
				TEST_HOST = "$(BUILT_PRODUCTS_DIR)/iosDelegates.app/iosDelegates";
			};
			name = Debug;
		};
		7838E4131A804D5500AD0522 /* Release */ = {
			isa = XCBuildConfiguration;
			buildSettings = {
				BUNDLE_LOADER = "$(TEST_HOST)";
				FRAMEWORK_SEARCH_PATHS = (
					"$(SDKROOT)/Developer/Library/Frameworks",
					"$(inherited)",
				);
				INFOPLIST_FILE = iosDelegatesTests/Info.plist;
				LD_RUNPATH_SEARCH_PATHS = "$(inherited) @executable_path/Frameworks @loader_path/Frameworks";
				PRODUCT_NAME = "$(TARGET_NAME)";
				TEST_HOST = "$(BUILT_PRODUCTS_DIR)/iosDelegates.app/iosDelegates";
			};
			name = Release;
		};
/* End XCBuildConfiguration section */

/* Begin XCConfigurationList section */
		7838E3EA1A804D5500AD0522 /* Build configuration list for PBXProject "iosDelegates" */ = {
			isa = XCConfigurationList;
			buildConfigurations = (
				7838E40C1A804D5500AD0522 /* Debug */,
				7838E40D1A804D5500AD0522 /* Release */,
			);
			defaultConfigurationIsVisible = 0;
			defaultConfigurationName = Release;
		};
		7838E40E1A804D5500AD0522 /* Build configuration list for PBXNativeTarget "iosDelegates" */ = {
			isa = XCConfigurationList;
			buildConfigurations = (
				7838E40F1A804D5500AD0522 /* Debug */,
				7838E4101A804D5500AD0522 /* Release */,
			);
			defaultConfigurationIsVisible = 0;
		};
		7838E4111A804D5500AD0522 /* Build configuration list for PBXNativeTarget "iosDelegatesTests" */ = {
			isa = XCConfigurationList;
			buildConfigurations = (
				7838E4121A804D5500AD0522 /* Debug */,
				7838E4131A804D5500AD0522 /* Release */,
			);
			defaultConfigurationIsVisible = 0;
		};
/* End XCConfigurationList section */
	};
	rootObject = 7838E3E71A804D5500AD0522 /* Project object */;
}
