// !$*UTF8*$!
{
	archiveVersion = 1;
	classes = {
	};
	objectVersion = 46;
	objects = {

/* Begin PBXBuildFile section */
		782725961A8300BA00D2327A /* AppDelegate.swift in Sources */ = {isa = PBXBuildFile; fileRef = 782725951A8300BA00D2327A /* AppDelegate.swift */; };
		782725981A8300BA00D2327A /* ViewController.swift in Sources */ = {isa = PBXBuildFile; fileRef = 782725971A8300BA00D2327A /* ViewController.swift */; };
		7827259B1A8300BA00D2327A /* Main.storyboard in Resources */ = {isa = PBXBuildFile; fileRef = 782725991A8300BA00D2327A /* Main.storyboard */; };
		7827259D1A8300BA00D2327A /* Images.xcassets in Resources */ = {isa = PBXBuildFile; fileRef = 7827259C1A8300BA00D2327A /* Images.xcassets */; };
		782725A01A8300BA00D2327A /* LaunchScreen.xib in Resources */ = {isa = PBXBuildFile; fileRef = 7827259E1A8300BA00D2327A /* LaunchScreen.xib */; };
		782725AC1A8300BA00D2327A /* programmaticLoginViewTests.swift in Sources */ = {isa = PBXBuildFile; fileRef = 782725AB1A8300BA00D2327A /* programmaticLoginViewTests.swift */; };
/* End PBXBuildFile section */

/* Begin PBXContainerItemProxy section */
		782725A61A8300BA00D2327A /* PBXContainerItemProxy */ = {
			isa = PBXContainerItemProxy;
			containerPortal = 782725881A8300BA00D2327A /* Project object */;
			proxyType = 1;
			remoteGlobalIDString = 7827258F1A8300BA00D2327A;
			remoteInfo = programmaticLoginView;
		};
/* End PBXContainerItemProxy section */

/* Begin PBXFileReference section */
		782725901A8300BA00D2327A /* programmaticLoginView.app */ = {isa = PBXFileReference; explicitFileType = wrapper.application; includeInIndex = 0; path = programmaticLoginView.app; sourceTree = BUILT_PRODUCTS_DIR; };
		782725941A8300BA00D2327A /* Info.plist */ = {isa = PBXFileReference; lastKnownFileType = text.plist.xml; path = Info.plist; sourceTree = "<group>"; };
		782725951A8300BA00D2327A /* AppDelegate.swift */ = {isa = PBXFileReference; lastKnownFileType = sourcecode.swift; path = AppDelegate.swift; sourceTree = "<group>"; };
		782725971A8300BA00D2327A /* ViewController.swift */ = {isa = PBXFileReference; lastKnownFileType = sourcecode.swift; path = ViewController.swift; sourceTree = "<group>"; };
		7827259A1A8300BA00D2327A /* Base */ = {isa = PBXFileReference; lastKnownFileType = file.storyboard; name = Base; path = Base.lproj/Main.storyboard; sourceTree = "<group>"; };
		7827259C1A8300BA00D2327A /* Images.xcassets */ = {isa = PBXFileReference; lastKnownFileType = folder.assetcatalog; path = Images.xcassets; sourceTree = "<group>"; };
		7827259F1A8300BA00D2327A /* Base */ = {isa = PBXFileReference; lastKnownFileType = file.xib; name = Base; path = Base.lproj/LaunchScreen.xib; sourceTree = "<group>"; };
		782725A51A8300BA00D2327A /* programmaticLoginViewTests.xctest */ = {isa = PBXFileReference; explicitFileType = wrapper.cfbundle; includeInIndex = 0; path = programmaticLoginViewTests.xctest; sourceTree = BUILT_PRODUCTS_DIR; };
		782725AA1A8300BA00D2327A /* Info.plist */ = {isa = PBXFileReference; lastKnownFileType = text.plist.xml; path = Info.plist; sourceTree = "<group>"; };
		782725AB1A8300BA00D2327A /* programmaticLoginViewTests.swift */ = {isa = PBXFileReference; lastKnownFileType = sourcecode.swift; path = programmaticLoginViewTests.swift; sourceTree = "<group>"; };
/* End PBXFileReference section */

/* Begin PBXFrameworksBuildPhase section */
		7827258D1A8300BA00D2327A /* Frameworks */ = {
			isa = PBXFrameworksBuildPhase;
			buildActionMask = 2147483647;
			files = (
			);
			runOnlyForDeploymentPostprocessing = 0;
		};
		782725A21A8300BA00D2327A /* Frameworks */ = {
			isa = PBXFrameworksBuildPhase;
			buildActionMask = 2147483647;
			files = (
			);
			runOnlyForDeploymentPostprocessing = 0;
		};
/* End PBXFrameworksBuildPhase section */

/* Begin PBXGroup section */
		782725871A8300BA00D2327A = {
			isa = PBXGroup;
			children = (
				782725921A8300BA00D2327A /* programmaticLoginView */,
				782725A81A8300BA00D2327A /* programmaticLoginViewTests */,
				782725911A8300BA00D2327A /* Products */,
			);
			sourceTree = "<group>";
		};
		782725911A8300BA00D2327A /* Products */ = {
			isa = PBXGroup;
			children = (
				782725901A8300BA00D2327A /* programmaticLoginView.app */,
				782725A51A8300BA00D2327A /* programmaticLoginViewTests.xctest */,
			);
			name = Products;
			sourceTree = "<group>";
		};
		782725921A8300BA00D2327A /* programmaticLoginView */ = {
			isa = PBXGroup;
			children = (
				782725951A8300BA00D2327A /* AppDelegate.swift */,
				782725971A8300BA00D2327A /* ViewController.swift */,
				782725991A8300BA00D2327A /* Main.storyboard */,
				7827259C1A8300BA00D2327A /* Images.xcassets */,
				7827259E1A8300BA00D2327A /* LaunchScreen.xib */,
				782725931A8300BA00D2327A /* Supporting Files */,
			);
			path = programmaticLoginView;
			sourceTree = "<group>";
		};
		782725931A8300BA00D2327A /* Supporting Files */ = {
			isa = PBXGroup;
			children = (
				782725941A8300BA00D2327A /* Info.plist */,
			);
			name = "Supporting Files";
			sourceTree = "<group>";
		};
		782725A81A8300BA00D2327A /* programmaticLoginViewTests */ = {
			isa = PBXGroup;
			children = (
				782725AB1A8300BA00D2327A /* programmaticLoginViewTests.swift */,
				782725A91A8300BA00D2327A /* Supporting Files */,
			);
			path = programmaticLoginViewTests;
			sourceTree = "<group>";
		};
		782725A91A8300BA00D2327A /* Supporting Files */ = {
			isa = PBXGroup;
			children = (
				782725AA1A8300BA00D2327A /* Info.plist */,
			);
			name = "Supporting Files";
			sourceTree = "<group>";
		};
/* End PBXGroup section */

/* Begin PBXNativeTarget section */
		7827258F1A8300BA00D2327A /* programmaticLoginView */ = {
			isa = PBXNativeTarget;
			buildConfigurationList = 782725AF1A8300BA00D2327A /* Build configuration list for PBXNativeTarget "programmaticLoginView" */;
			buildPhases = (
				7827258C1A8300BA00D2327A /* Sources */,
				7827258D1A8300BA00D2327A /* Frameworks */,
				7827258E1A8300BA00D2327A /* Resources */,
			);
			buildRules = (
			);
			dependencies = (
			);
			name = programmaticLoginView;
			productName = programmaticLoginView;
			productReference = 782725901A8300BA00D2327A /* programmaticLoginView.app */;
			productType = "com.apple.product-type.application";
		};
		782725A41A8300BA00D2327A /* programmaticLoginViewTests */ = {
			isa = PBXNativeTarget;
			buildConfigurationList = 782725B21A8300BA00D2327A /* Build configuration list for PBXNativeTarget "programmaticLoginViewTests" */;
			buildPhases = (
				782725A11A8300BA00D2327A /* Sources */,
				782725A21A8300BA00D2327A /* Frameworks */,
				782725A31A8300BA00D2327A /* Resources */,
			);
			buildRules = (
			);
			dependencies = (
				782725A71A8300BA00D2327A /* PBXTargetDependency */,
			);
			name = programmaticLoginViewTests;
			productName = programmaticLoginViewTests;
			productReference = 782725A51A8300BA00D2327A /* programmaticLoginViewTests.xctest */;
			productType = "com.apple.product-type.bundle.unit-test";
		};
/* End PBXNativeTarget section */

/* Begin PBXProject section */
		782725881A8300BA00D2327A /* Project object */ = {
			isa = PBXProject;
			attributes = {
				LastUpgradeCheck = 0610;
				ORGANIZATIONNAME = "Alexis Saint-Jean";
				TargetAttributes = {
					7827258F1A8300BA00D2327A = {
						CreatedOnToolsVersion = 6.1.1;
					};
					782725A41A8300BA00D2327A = {
						CreatedOnToolsVersion = 6.1.1;
						TestTargetID = 7827258F1A8300BA00D2327A;
					};
				};
			};
			buildConfigurationList = 7827258B1A8300BA00D2327A /* Build configuration list for PBXProject "programmaticLoginView" */;
			compatibilityVersion = "Xcode 3.2";
			developmentRegion = English;
			hasScannedForEncodings = 0;
			knownRegions = (
				en,
				Base,
			);
			mainGroup = 782725871A8300BA00D2327A;
			productRefGroup = 782725911A8300BA00D2327A /* Products */;
			projectDirPath = "";
			projectRoot = "";
			targets = (
				7827258F1A8300BA00D2327A /* programmaticLoginView */,
				782725A41A8300BA00D2327A /* programmaticLoginViewTests */,
			);
		};
/* End PBXProject section */

/* Begin PBXResourcesBuildPhase section */
		7827258E1A8300BA00D2327A /* Resources */ = {
			isa = PBXResourcesBuildPhase;
			buildActionMask = 2147483647;
			files = (
				7827259B1A8300BA00D2327A /* Main.storyboard in Resources */,
				782725A01A8300BA00D2327A /* LaunchScreen.xib in Resources */,
				7827259D1A8300BA00D2327A /* Images.xcassets in Resources */,
			);
			runOnlyForDeploymentPostprocessing = 0;
		};
		782725A31A8300BA00D2327A /* Resources */ = {
			isa = PBXResourcesBuildPhase;
			buildActionMask = 2147483647;
			files = (
			);
			runOnlyForDeploymentPostprocessing = 0;
		};
/* End PBXResourcesBuildPhase section */

/* Begin PBXSourcesBuildPhase section */
		7827258C1A8300BA00D2327A /* Sources */ = {
			isa = PBXSourcesBuildPhase;
			buildActionMask = 2147483647;
			files = (
				782725981A8300BA00D2327A /* ViewController.swift in Sources */,
				782725961A8300BA00D2327A /* AppDelegate.swift in Sources */,
			);
			runOnlyForDeploymentPostprocessing = 0;
		};
		782725A11A8300BA00D2327A /* Sources */ = {
			isa = PBXSourcesBuildPhase;
			buildActionMask = 2147483647;
			files = (
				782725AC1A8300BA00D2327A /* programmaticLoginViewTests.swift in Sources */,
			);
			runOnlyForDeploymentPostprocessing = 0;
		};
/* End PBXSourcesBuildPhase section */

/* Begin PBXTargetDependency section */
		782725A71A8300BA00D2327A /* PBXTargetDependency */ = {
			isa = PBXTargetDependency;
			target = 7827258F1A8300BA00D2327A /* programmaticLoginView */;
			targetProxy = 782725A61A8300BA00D2327A /* PBXContainerItemProxy */;
		};
/* End PBXTargetDependency section */

/* Begin PBXVariantGroup section */
		782725991A8300BA00D2327A /* Main.storyboard */ = {
			isa = PBXVariantGroup;
			children = (
				7827259A1A8300BA00D2327A /* Base */,
			);
			name = Main.storyboard;
			sourceTree = "<group>";
		};
		7827259E1A8300BA00D2327A /* LaunchScreen.xib */ = {
			isa = PBXVariantGroup;
			children = (
				7827259F1A8300BA00D2327A /* Base */,
			);
			name = LaunchScreen.xib;
			sourceTree = "<group>";
		};
/* End PBXVariantGroup section */

/* Begin XCBuildConfiguration section */
		782725AD1A8300BA00D2327A /* Debug */ = {
			isa = XCBuildConfiguration;
			buildSettings = {
				ALWAYS_SEARCH_USER_PATHS = NO;
				CLANG_CXX_LANGUAGE_STANDARD = "gnu++0x";
				CLANG_CXX_LIBRARY = "libc++";
				CLANG_ENABLE_MODULES = YES;
				CLANG_ENABLE_OBJC_ARC = YES;
				CLANG_WARN_BOOL_CONVERSION = YES;
				CLANG_WARN_CONSTANT_CONVERSION = YES;
				CLANG_WARN_DIRECT_OBJC_ISA_USAGE = YES_ERROR;
				CLANG_WARN_EMPTY_BODY = YES;
				CLANG_WARN_ENUM_CONVERSION = YES;
				CLANG_WARN_INT_CONVERSION = YES;
				CLANG_WARN_OBJC_ROOT_CLASS = YES_ERROR;
				CLANG_WARN_UNREACHABLE_CODE = YES;
				CLANG_WARN__DUPLICATE_METHOD_MATCH = YES;
				"CODE_SIGN_IDENTITY[sdk=iphoneos*]" = "iPhone Developer";
				COPY_PHASE_STRIP = NO;
				ENABLE_STRICT_OBJC_MSGSEND = YES;
				GCC_C_LANGUAGE_STANDARD = gnu99;
				GCC_DYNAMIC_NO_PIC = NO;
				GCC_OPTIMIZATION_LEVEL = 0;
				GCC_PREPROCESSOR_DEFINITIONS = (
					"DEBUG=1",
					"$(inherited)",
				);
				GCC_SYMBOLS_PRIVATE_EXTERN = NO;
				GCC_WARN_64_TO_32_BIT_CONVERSION = YES;
				GCC_WARN_ABOUT_RETURN_TYPE = YES_ERROR;
				GCC_WARN_UNDECLARED_SELECTOR = YES;
				GCC_WARN_UNINITIALIZED_AUTOS = YES_AGGRESSIVE;
				GCC_WARN_UNUSED_FUNCTION = YES;
				GCC_WARN_UNUSED_VARIABLE = YES;
				IPHONEOS_DEPLOYMENT_TARGET = 8.1;
				MTL_ENABLE_DEBUG_INFO = YES;
				ONLY_ACTIVE_ARCH = YES;
				SDKROOT = iphoneos;
				SWIFT_OPTIMIZATION_LEVEL = "-Onone";
				TARGETED_DEVICE_FAMILY = "1,2";
			};
			name = Debug;
		};
		782725AE1A8300BA00D2327A /* Release */ = {
			isa = XCBuildConfiguration;
			buildSettings = {
				ALWAYS_SEARCH_USER_PATHS = NO;
				CLANG_CXX_LANGUAGE_STANDARD = "gnu++0x";
				CLANG_CXX_LIBRARY = "libc++";
				CLANG_ENABLE_MODULES = YES;
				CLANG_ENABLE_OBJC_ARC = YES;
				CLANG_WARN_BOOL_CONVERSION = YES;
				CLANG_WARN_CONSTANT_CONVERSION = YES;
				CLANG_WARN_DIRECT_OBJC_ISA_USAGE = YES_ERROR;
				CLANG_WARN_EMPTY_BODY = YES;
				CLANG_WARN_ENUM_CONVERSION = YES;
				CLANG_WARN_INT_CONVERSION = YES;
				CLANG_WARN_OBJC_ROOT_CLASS = YES_ERROR;
				CLANG_WARN_UNREACHABLE_CODE = YES;
				CLANG_WARN__DUPLICATE_METHOD_MATCH = YES;
				"CODE_SIGN_IDENTITY[sdk=iphoneos*]" = "iPhone Developer";
				COPY_PHASE_STRIP = YES;
				ENABLE_NS_ASSERTIONS = NO;
				ENABLE_STRICT_OBJC_MSGSEND = YES;
				GCC_C_LANGUAGE_STANDARD = gnu99;
				GCC_WARN_64_TO_32_BIT_CONVERSION = YES;
				GCC_WARN_ABOUT_RETURN_TYPE = YES_ERROR;
				GCC_WARN_UNDECLARED_SELECTOR = YES;
				GCC_WARN_UNINITIALIZED_AUTOS = YES_AGGRESSIVE;
				GCC_WARN_UNUSED_FUNCTION = YES;
				GCC_WARN_UNUSED_VARIABLE = YES;
				IPHONEOS_DEPLOYMENT_TARGET = 8.1;
				MTL_ENABLE_DEBUG_INFO = NO;
				SDKROOT = iphoneos;
				TARGETED_DEVICE_FAMILY = "1,2";
				VALIDATE_PRODUCT = YES;
			};
			name = Release;
		};
		782725B01A8300BA00D2327A /* Debug */ = {
			isa = XCBuildConfiguration;
			buildSettings = {
				ASSETCATALOG_COMPILER_APPICON_NAME = AppIcon;
				INFOPLIST_FILE = programmaticLoginView/Info.plist;
				LD_RUNPATH_SEARCH_PATHS = "$(inherited) @executable_path/Frameworks";
				PRODUCT_NAME = "$(TARGET_NAME)";
			};
			name = Debug;
		};
		782725B11A8300BA00D2327A /* Release */ = {
			isa = XCBuildConfiguration;
			buildSettings = {
				ASSETCATALOG_COMPILER_APPICON_NAME = AppIcon;
				INFOPLIST_FILE = programmaticLoginView/Info.plist;
				LD_RUNPATH_SEARCH_PATHS = "$(inherited) @executable_path/Frameworks";
				PRODUCT_NAME = "$(TARGET_NAME)";
			};
			name = Release;
		};
		782725B31A8300BA00D2327A /* Debug */ = {
			isa = XCBuildConfiguration;
			buildSettings = {
				BUNDLE_LOADER = "$(TEST_HOST)";
				FRAMEWORK_SEARCH_PATHS = (
					"$(SDKROOT)/Developer/Library/Frameworks",
					"$(inherited)",
				);
				GCC_PREPROCESSOR_DEFINITIONS = (
					"DEBUG=1",
					"$(inherited)",
				);
				INFOPLIST_FILE = programmaticLoginViewTests/Info.plist;
				LD_RUNPATH_SEARCH_PATHS = "$(inherited) @executable_path/Frameworks @loader_path/Frameworks";
				PRODUCT_NAME = "$(TARGET_NAME)";
				TEST_HOST = "$(BUILT_PRODUCTS_DIR)/programmaticLoginView.app/programmaticLoginView";
			};
			name = Debug;
		};
		782725B41A8300BA00D2327A /* Release */ = {
			isa = XCBuildConfiguration;
			buildSettings = {
				BUNDLE_LOADER = "$(TEST_HOST)";
				FRAMEWORK_SEARCH_PATHS = (
					"$(SDKROOT)/Developer/Library/Frameworks",
					"$(inherited)",
				);
				INFOPLIST_FILE = programmaticLoginViewTests/Info.plist;
				LD_RUNPATH_SEARCH_PATHS = "$(inherited) @executable_path/Frameworks @loader_path/Frameworks";
				PRODUCT_NAME = "$(TARGET_NAME)";
				TEST_HOST = "$(BUILT_PRODUCTS_DIR)/programmaticLoginView.app/programmaticLoginView";
			};
			name = Release;
		};
/* End XCBuildConfiguration section */

/* Begin XCConfigurationList section */
		7827258B1A8300BA00D2327A /* Build configuration list for PBXProject "programmaticLoginView" */ = {
			isa = XCConfigurationList;
			buildConfigurations = (
				782725AD1A8300BA00D2327A /* Debug */,
				782725AE1A8300BA00D2327A /* Release */,
			);
			defaultConfigurationIsVisible = 0;
			defaultConfigurationName = Release;
		};
		782725AF1A8300BA00D2327A /* Build configuration list for PBXNativeTarget "programmaticLoginView" */ = {
			isa = XCConfigurationList;
			buildConfigurations = (
				782725B01A8300BA00D2327A /* Debug */,
				782725B11A8300BA00D2327A /* Release */,
			);
			defaultConfigurationIsVisible = 0;
		};
		782725B21A8300BA00D2327A /* Build configuration list for PBXNativeTarget "programmaticLoginViewTests" */ = {
			isa = XCConfigurationList;
			buildConfigurations = (
				782725B31A8300BA00D2327A /* Debug */,
				782725B41A8300BA00D2327A /* Release */,
			);
			defaultConfigurationIsVisible = 0;
		};
/* End XCConfigurationList section */
	};
	rootObject = 782725881A8300BA00D2327A /* Project object */;
}
