// !$*UTF8*$!
{
	archiveVersion = 1;
	classes = {
	};
	objectVersion = 46;
	objects = {

/* Begin PBXBuildFile section */
		78583B461A8C248C000D0BE0 /* AppDelegate.swift in Sources */ = {isa = PBXBuildFile; fileRef = 78583B451A8C248C000D0BE0 /* AppDelegate.swift */; };
		78583B481A8C248C000D0BE0 /* ViewController.swift in Sources */ = {isa = PBXBuildFile; fileRef = 78583B471A8C248C000D0BE0 /* ViewController.swift */; };
		78583B4B1A8C248C000D0BE0 /* Main.storyboard in Resources */ = {isa = PBXBuildFile; fileRef = 78583B491A8C248C000D0BE0 /* Main.storyboard */; };
		78583B4D1A8C248C000D0BE0 /* Images.xcassets in Resources */ = {isa = PBXBuildFile; fileRef = 78583B4C1A8C248C000D0BE0 /* Images.xcassets */; };
		78583B501A8C248C000D0BE0 /* LaunchScreen.xib in Resources */ = {isa = PBXBuildFile; fileRef = 78583B4E1A8C248C000D0BE0 /* LaunchScreen.xib */; };
		78583B5C1A8C248C000D0BE0 /* programmaticAutolayoutTests.swift in Sources */ = {isa = PBXBuildFile; fileRef = 78583B5B1A8C248C000D0BE0 /* programmaticAutolayoutTests.swift */; };
/* End PBXBuildFile section */

/* Begin PBXContainerItemProxy section */
		78583B561A8C248C000D0BE0 /* PBXContainerItemProxy */ = {
			isa = PBXContainerItemProxy;
			containerPortal = 78583B381A8C248C000D0BE0 /* Project object */;
			proxyType = 1;
			remoteGlobalIDString = 78583B3F1A8C248C000D0BE0;
			remoteInfo = programmaticAutolayout;
		};
/* End PBXContainerItemProxy section */

/* Begin PBXFileReference section */
		78583B401A8C248C000D0BE0 /* programmaticAutolayout.app */ = {isa = PBXFileReference; explicitFileType = wrapper.application; includeInIndex = 0; path = programmaticAutolayout.app; sourceTree = BUILT_PRODUCTS_DIR; };
		78583B441A8C248C000D0BE0 /* Info.plist */ = {isa = PBXFileReference; lastKnownFileType = text.plist.xml; path = Info.plist; sourceTree = "<group>"; };
		78583B451A8C248C000D0BE0 /* AppDelegate.swift */ = {isa = PBXFileReference; lastKnownFileType = sourcecode.swift; path = AppDelegate.swift; sourceTree = "<group>"; };
		78583B471A8C248C000D0BE0 /* ViewController.swift */ = {isa = PBXFileReference; lastKnownFileType = sourcecode.swift; path = ViewController.swift; sourceTree = "<group>"; };
		78583B4A1A8C248C000D0BE0 /* Base */ = {isa = PBXFileReference; lastKnownFileType = file.storyboard; name = Base; path = Base.lproj/Main.storyboard; sourceTree = "<group>"; };
		78583B4C1A8C248C000D0BE0 /* Images.xcassets */ = {isa = PBXFileReference; lastKnownFileType = folder.assetcatalog; path = Images.xcassets; sourceTree = "<group>"; };
		78583B4F1A8C248C000D0BE0 /* Base */ = {isa = PBXFileReference; lastKnownFileType = file.xib; name = Base; path = Base.lproj/LaunchScreen.xib; sourceTree = "<group>"; };
		78583B551A8C248C000D0BE0 /* programmaticAutolayoutTests.xctest */ = {isa = PBXFileReference; explicitFileType = wrapper.cfbundle; includeInIndex = 0; path = programmaticAutolayoutTests.xctest; sourceTree = BUILT_PRODUCTS_DIR; };
		78583B5A1A8C248C000D0BE0 /* Info.plist */ = {isa = PBXFileReference; lastKnownFileType = text.plist.xml; path = Info.plist; sourceTree = "<group>"; };
		78583B5B1A8C248C000D0BE0 /* programmaticAutolayoutTests.swift */ = {isa = PBXFileReference; lastKnownFileType = sourcecode.swift; path = programmaticAutolayoutTests.swift; sourceTree = "<group>"; };
/* End PBXFileReference section */

/* Begin PBXFrameworksBuildPhase section */
		78583B3D1A8C248C000D0BE0 /* Frameworks */ = {
			isa = PBXFrameworksBuildPhase;
			buildActionMask = 2147483647;
			files = (
			);
			runOnlyForDeploymentPostprocessing = 0;
		};
		78583B521A8C248C000D0BE0 /* Frameworks */ = {
			isa = PBXFrameworksBuildPhase;
			buildActionMask = 2147483647;
			files = (
			);
			runOnlyForDeploymentPostprocessing = 0;
		};
/* End PBXFrameworksBuildPhase section */

/* Begin PBXGroup section */
		78583B371A8C248C000D0BE0 = {
			isa = PBXGroup;
			children = (
				78583B421A8C248C000D0BE0 /* programmaticAutolayout */,
				78583B581A8C248C000D0BE0 /* programmaticAutolayoutTests */,
				78583B411A8C248C000D0BE0 /* Products */,
			);
			sourceTree = "<group>";
		};
		78583B411A8C248C000D0BE0 /* Products */ = {
			isa = PBXGroup;
			children = (
				78583B401A8C248C000D0BE0 /* programmaticAutolayout.app */,
				78583B551A8C248C000D0BE0 /* programmaticAutolayoutTests.xctest */,
			);
			name = Products;
			sourceTree = "<group>";
		};
		78583B421A8C248C000D0BE0 /* programmaticAutolayout */ = {
			isa = PBXGroup;
			children = (
				78583B451A8C248C000D0BE0 /* AppDelegate.swift */,
				78583B471A8C248C000D0BE0 /* ViewController.swift */,
				78583B491A8C248C000D0BE0 /* Main.storyboard */,
				78583B4C1A8C248C000D0BE0 /* Images.xcassets */,
				78583B4E1A8C248C000D0BE0 /* LaunchScreen.xib */,
				78583B431A8C248C000D0BE0 /* Supporting Files */,
			);
			path = programmaticAutolayout;
			sourceTree = "<group>";
		};
		78583B431A8C248C000D0BE0 /* Supporting Files */ = {
			isa = PBXGroup;
			children = (
				78583B441A8C248C000D0BE0 /* Info.plist */,
			);
			name = "Supporting Files";
			sourceTree = "<group>";
		};
		78583B581A8C248C000D0BE0 /* programmaticAutolayoutTests */ = {
			isa = PBXGroup;
			children = (
				78583B5B1A8C248C000D0BE0 /* programmaticAutolayoutTests.swift */,
				78583B591A8C248C000D0BE0 /* Supporting Files */,
			);
			path = programmaticAutolayoutTests;
			sourceTree = "<group>";
		};
		78583B591A8C248C000D0BE0 /* Supporting Files */ = {
			isa = PBXGroup;
			children = (
				78583B5A1A8C248C000D0BE0 /* Info.plist */,
			);
			name = "Supporting Files";
			sourceTree = "<group>";
		};
/* End PBXGroup section */

/* Begin PBXNativeTarget section */
		78583B3F1A8C248C000D0BE0 /* programmaticAutolayout */ = {
			isa = PBXNativeTarget;
			buildConfigurationList = 78583B5F1A8C248C000D0BE0 /* Build configuration list for PBXNativeTarget "programmaticAutolayout" */;
			buildPhases = (
				78583B3C1A8C248C000D0BE0 /* Sources */,
				78583B3D1A8C248C000D0BE0 /* Frameworks */,
				78583B3E1A8C248C000D0BE0 /* Resources */,
			);
			buildRules = (
			);
			dependencies = (
			);
			name = programmaticAutolayout;
			productName = programmaticAutolayout;
			productReference = 78583B401A8C248C000D0BE0 /* programmaticAutolayout.app */;
			productType = "com.apple.product-type.application";
		};
		78583B541A8C248C000D0BE0 /* programmaticAutolayoutTests */ = {
			isa = PBXNativeTarget;
			buildConfigurationList = 78583B621A8C248C000D0BE0 /* Build configuration list for PBXNativeTarget "programmaticAutolayoutTests" */;
			buildPhases = (
				78583B511A8C248C000D0BE0 /* Sources */,
				78583B521A8C248C000D0BE0 /* Frameworks */,
				78583B531A8C248C000D0BE0 /* Resources */,
			);
			buildRules = (
			);
			dependencies = (
				78583B571A8C248C000D0BE0 /* PBXTargetDependency */,
			);
			name = programmaticAutolayoutTests;
			productName = programmaticAutolayoutTests;
			productReference = 78583B551A8C248C000D0BE0 /* programmaticAutolayoutTests.xctest */;
			productType = "com.apple.product-type.bundle.unit-test";
		};
/* End PBXNativeTarget section */

/* Begin PBXProject section */
		78583B381A8C248C000D0BE0 /* Project object */ = {
			isa = PBXProject;
			attributes = {
				LastUpgradeCheck = 0610;
				ORGANIZATIONNAME = "Alexis Saint-Jean";
				TargetAttributes = {
					78583B3F1A8C248C000D0BE0 = {
						CreatedOnToolsVersion = 6.1.1;
					};
					78583B541A8C248C000D0BE0 = {
						CreatedOnToolsVersion = 6.1.1;
						TestTargetID = 78583B3F1A8C248C000D0BE0;
					};
				};
			};
			buildConfigurationList = 78583B3B1A8C248C000D0BE0 /* Build configuration list for PBXProject "programmaticAutolayout" */;
			compatibilityVersion = "Xcode 3.2";
			developmentRegion = English;
			hasScannedForEncodings = 0;
			knownRegions = (
				en,
				Base,
			);
			mainGroup = 78583B371A8C248C000D0BE0;
			productRefGroup = 78583B411A8C248C000D0BE0 /* Products */;
			projectDirPath = "";
			projectRoot = "";
			targets = (
				78583B3F1A8C248C000D0BE0 /* programmaticAutolayout */,
				78583B541A8C248C000D0BE0 /* programmaticAutolayoutTests */,
			);
		};
/* End PBXProject section */

/* Begin PBXResourcesBuildPhase section */
		78583B3E1A8C248C000D0BE0 /* Resources */ = {
			isa = PBXResourcesBuildPhase;
			buildActionMask = 2147483647;
			files = (
				78583B4B1A8C248C000D0BE0 /* Main.storyboard in Resources */,
				78583B501A8C248C000D0BE0 /* LaunchScreen.xib in Resources */,
				78583B4D1A8C248C000D0BE0 /* Images.xcassets in Resources */,
			);
			runOnlyForDeploymentPostprocessing = 0;
		};
		78583B531A8C248C000D0BE0 /* Resources */ = {
			isa = PBXResourcesBuildPhase;
			buildActionMask = 2147483647;
			files = (
			);
			runOnlyForDeploymentPostprocessing = 0;
		};
/* End PBXResourcesBuildPhase section */

/* Begin PBXSourcesBuildPhase section */
		78583B3C1A8C248C000D0BE0 /* Sources */ = {
			isa = PBXSourcesBuildPhase;
			buildActionMask = 2147483647;
			files = (
				78583B481A8C248C000D0BE0 /* ViewController.swift in Sources */,
				78583B461A8C248C000D0BE0 /* AppDelegate.swift in Sources */,
			);
			runOnlyForDeploymentPostprocessing = 0;
		};
		78583B511A8C248C000D0BE0 /* Sources */ = {
			isa = PBXSourcesBuildPhase;
			buildActionMask = 2147483647;
			files = (
				78583B5C1A8C248C000D0BE0 /* programmaticAutolayoutTests.swift in Sources */,
			);
			runOnlyForDeploymentPostprocessing = 0;
		};
/* End PBXSourcesBuildPhase section */

/* Begin PBXTargetDependency section */
		78583B571A8C248C000D0BE0 /* PBXTargetDependency */ = {
			isa = PBXTargetDependency;
			target = 78583B3F1A8C248C000D0BE0 /* programmaticAutolayout */;
			targetProxy = 78583B561A8C248C000D0BE0 /* PBXContainerItemProxy */;
		};
/* End PBXTargetDependency section */

/* Begin PBXVariantGroup section */
		78583B491A8C248C000D0BE0 /* Main.storyboard */ = {
			isa = PBXVariantGroup;
			children = (
				78583B4A1A8C248C000D0BE0 /* Base */,
			);
			name = Main.storyboard;
			sourceTree = "<group>";
		};
		78583B4E1A8C248C000D0BE0 /* LaunchScreen.xib */ = {
			isa = PBXVariantGroup;
			children = (
				78583B4F1A8C248C000D0BE0 /* Base */,
			);
			name = LaunchScreen.xib;
			sourceTree = "<group>";
		};
/* End PBXVariantGroup section */

/* Begin XCBuildConfiguration section */
		78583B5D1A8C248C000D0BE0 /* Debug */ = {
			isa = XCBuildConfiguration;
			buildSettings = {
				ALWAYS_SEARCH_USER_PATHS = NO;
				CLANG_CXX_LANGUAGE_STANDARD = "gnu++0x";
				CLANG_CXX_LIBRARY = "libc++";
				CLANG_ENABLE_MODULES = YES;
				CLANG_ENABLE_OBJC_ARC = YES;
				CLANG_WARN_BOOL_CONVERSION = YES;
				CLANG_WARN_CONSTANT_CONVERSION = YES;
				CLANG_WARN_DIRECT_OBJC_ISA_USAGE = YES_ERROR;
				CLANG_WARN_EMPTY_BODY = YES;
				CLANG_WARN_ENUM_CONVERSION = YES;
				CLANG_WARN_INT_CONVERSION = YES;
				CLANG_WARN_OBJC_ROOT_CLASS = YES_ERROR;
				CLANG_WARN_UNREACHABLE_CODE = YES;
				CLANG_WARN__DUPLICATE_METHOD_MATCH = YES;
				"CODE_SIGN_IDENTITY[sdk=iphoneos*]" = "iPhone Developer";
				COPY_PHASE_STRIP = NO;
				ENABLE_STRICT_OBJC_MSGSEND = YES;
				GCC_C_LANGUAGE_STANDARD = gnu99;
				GCC_DYNAMIC_NO_PIC = NO;
				GCC_OPTIMIZATION_LEVEL = 0;
				GCC_PREPROCESSOR_DEFINITIONS = (
					"DEBUG=1",
					"$(inherited)",
				);
				GCC_SYMBOLS_PRIVATE_EXTERN = NO;
				GCC_WARN_64_TO_32_BIT_CONVERSION = YES;
				GCC_WARN_ABOUT_RETURN_TYPE = YES_ERROR;
				GCC_WARN_UNDECLARED_SELECTOR = YES;
				GCC_WARN_UNINITIALIZED_AUTOS = YES_AGGRESSIVE;
				GCC_WARN_UNUSED_FUNCTION = YES;
				GCC_WARN_UNUSED_VARIABLE = YES;
				IPHONEOS_DEPLOYMENT_TARGET = 8.1;
				MTL_ENABLE_DEBUG_INFO = YES;
				ONLY_ACTIVE_ARCH = YES;
				SDKROOT = iphoneos;
				SWIFT_OPTIMIZATION_LEVEL = "-Onone";
				TARGETED_DEVICE_FAMILY = "1,2";
			};
			name = Debug;
		};
		78583B5E1A8C248C000D0BE0 /* Release */ = {
			isa = XCBuildConfiguration;
			buildSettings = {
				ALWAYS_SEARCH_USER_PATHS = NO;
				CLANG_CXX_LANGUAGE_STANDARD = "gnu++0x";
				CLANG_CXX_LIBRARY = "libc++";
				CLANG_ENABLE_MODULES = YES;
				CLANG_ENABLE_OBJC_ARC = YES;
				CLANG_WARN_BOOL_CONVERSION = YES;
				CLANG_WARN_CONSTANT_CONVERSION = YES;
				CLANG_WARN_DIRECT_OBJC_ISA_USAGE = YES_ERROR;
				CLANG_WARN_EMPTY_BODY = YES;
				CLANG_WARN_ENUM_CONVERSION = YES;
				CLANG_WARN_INT_CONVERSION = YES;
				CLANG_WARN_OBJC_ROOT_CLASS = YES_ERROR;
				CLANG_WARN_UNREACHABLE_CODE = YES;
				CLANG_WARN__DUPLICATE_METHOD_MATCH = YES;
				"CODE_SIGN_IDENTITY[sdk=iphoneos*]" = "iPhone Developer";
				COPY_PHASE_STRIP = YES;
				ENABLE_NS_ASSERTIONS = NO;
				ENABLE_STRICT_OBJC_MSGSEND = YES;
				GCC_C_LANGUAGE_STANDARD = gnu99;
				GCC_WARN_64_TO_32_BIT_CONVERSION = YES;
				GCC_WARN_ABOUT_RETURN_TYPE = YES_ERROR;
				GCC_WARN_UNDECLARED_SELECTOR = YES;
				GCC_WARN_UNINITIALIZED_AUTOS = YES_AGGRESSIVE;
				GCC_WARN_UNUSED_FUNCTION = YES;
				GCC_WARN_UNUSED_VARIABLE = YES;
				IPHONEOS_DEPLOYMENT_TARGET = 8.1;
				MTL_ENABLE_DEBUG_INFO = NO;
				SDKROOT = iphoneos;
				TARGETED_DEVICE_FAMILY = "1,2";
				VALIDATE_PRODUCT = YES;
			};
			name = Release;
		};
		78583B601A8C248C000D0BE0 /* Debug */ = {
			isa = XCBuildConfiguration;
			buildSettings = {
				ASSETCATALOG_COMPILER_APPICON_NAME = AppIcon;
				INFOPLIST_FILE = programmaticAutolayout/Info.plist;
				LD_RUNPATH_SEARCH_PATHS = "$(inherited) @executable_path/Frameworks";
				PRODUCT_NAME = "$(TARGET_NAME)";
			};
			name = Debug;
		};
		78583B611A8C248C000D0BE0 /* Release */ = {
			isa = XCBuildConfiguration;
			buildSettings = {
				ASSETCATALOG_COMPILER_APPICON_NAME = AppIcon;
				INFOPLIST_FILE = programmaticAutolayout/Info.plist;
				LD_RUNPATH_SEARCH_PATHS = "$(inherited) @executable_path/Frameworks";
				PRODUCT_NAME = "$(TARGET_NAME)";
			};
			name = Release;
		};
		78583B631A8C248C000D0BE0 /* Debug */ = {
			isa = XCBuildConfiguration;
			buildSettings = {
				BUNDLE_LOADER = "$(TEST_HOST)";
				FRAMEWORK_SEARCH_PATHS = (
					"$(SDKROOT)/Developer/Library/Frameworks",
					"$(inherited)",
				);
				GCC_PREPROCESSOR_DEFINITIONS = (
					"DEBUG=1",
					"$(inherited)",
				);
				INFOPLIST_FILE = programmaticAutolayoutTests/Info.plist;
				LD_RUNPATH_SEARCH_PATHS = "$(inherited) @executable_path/Frameworks @loader_path/Frameworks";
				PRODUCT_NAME = "$(TARGET_NAME)";
				TEST_HOST = "$(BUILT_PRODUCTS_DIR)/programmaticAutolayout.app/programmaticAutolayout";
			};
			name = Debug;
		};
		78583B641A8C248C000D0BE0 /* Release */ = {
			isa = XCBuildConfiguration;
			buildSettings = {
				BUNDLE_LOADER = "$(TEST_HOST)";
				FRAMEWORK_SEARCH_PATHS = (
					"$(SDKROOT)/Developer/Library/Frameworks",
					"$(inherited)",
				);
				INFOPLIST_FILE = programmaticAutolayoutTests/Info.plist;
				LD_RUNPATH_SEARCH_PATHS = "$(inherited) @executable_path/Frameworks @loader_path/Frameworks";
				PRODUCT_NAME = "$(TARGET_NAME)";
				TEST_HOST = "$(BUILT_PRODUCTS_DIR)/programmaticAutolayout.app/programmaticAutolayout";
			};
			name = Release;
		};
/* End XCBuildConfiguration section */

/* Begin XCConfigurationList section */
		78583B3B1A8C248C000D0BE0 /* Build configuration list for PBXProject "programmaticAutolayout" */ = {
			isa = XCConfigurationList;
			buildConfigurations = (
				78583B5D1A8C248C000D0BE0 /* Debug */,
				78583B5E1A8C248C000D0BE0 /* Release */,
			);
			defaultConfigurationIsVisible = 0;
			defaultConfigurationName = Release;
		};
		78583B5F1A8C248C000D0BE0 /* Build configuration list for PBXNativeTarget "programmaticAutolayout" */ = {
			isa = XCConfigurationList;
			buildConfigurations = (
				78583B601A8C248C000D0BE0 /* Debug */,
				78583B611A8C248C000D0BE0 /* Release */,
			);
			defaultConfigurationIsVisible = 0;
		};
		78583B621A8C248C000D0BE0 /* Build configuration list for PBXNativeTarget "programmaticAutolayoutTests" */ = {
			isa = XCConfigurationList;
			buildConfigurations = (
				78583B631A8C248C000D0BE0 /* Debug */,
				78583B641A8C248C000D0BE0 /* Release */,
			);
			defaultConfigurationIsVisible = 0;
		};
/* End XCConfigurationList section */
	};
	rootObject = 78583B381A8C248C000D0BE0 /* Project object */;
}
